// !$*UTF8*$!
{
	archiveVersion = 1;
	classes = {
	};
	objectVersion = 46;
	objects = {

/* Begin PBXBuildFile section */
		2437B68E15B97C2600750117 /* Foundation.framework in Frameworks */ = {isa = PBXBuildFile; fileRef = 24F6EBF3158A261000CEDD41 /* Foundation.framework */; };
		2437B69915B97C5200750117 /* DCTCoreDataStack.h in CopyFiles */ = {isa = PBXBuildFile; fileRef = 24F6EBF8158A261000CEDD41 /* DCTCoreDataStack.h */; };
		2437B69A15B97C5400750117 /* NSManagedObjectContext+DCTCoreDataStack.h in CopyFiles */ = {isa = PBXBuildFile; fileRef = 24F6EC1A158A264C00CEDD41 /* NSManagedObjectContext+DCTCoreDataStack.h */; };
		2437B69B15B97C5C00750117 /* DCTCoreDataStack.m in Sources */ = {isa = PBXBuildFile; fileRef = 24F6EBF9158A261000CEDD41 /* DCTCoreDataStack.m */; };
		2437B69C15B97C5F00750117 /* NSManagedObjectContext+DCTCoreDataStack.m in Sources */ = {isa = PBXBuildFile; fileRef = 24F6EC1B158A264C00CEDD41 /* NSManagedObjectContext+DCTCoreDataStack.m */; };
		24E91B5915BEB1FA00E0DB54 /* UIKit.framework in Frameworks */ = {isa = PBXBuildFile; fileRef = 24F6EC1F158A269300CEDD41 /* UIKit.framework */; };
		24E91B5A15BEB1FA00E0DB54 /* Foundation.framework in Frameworks */ = {isa = PBXBuildFile; fileRef = 24F6EBF3158A261000CEDD41 /* Foundation.framework */; };
		24E91B5C15BEB1FA00E0DB54 /* CoreGraphics.framework in Frameworks */ = {isa = PBXBuildFile; fileRef = 24E91B5B15BEB1FA00E0DB54 /* CoreGraphics.framework */; };
		24E91B6215BEB1FA00E0DB54 /* InfoPlist.strings in Resources */ = {isa = PBXBuildFile; fileRef = 24E91B6015BEB1FA00E0DB54 /* InfoPlist.strings */; };
		24E91B6415BEB1FA00E0DB54 /* main.m in Sources */ = {isa = PBXBuildFile; fileRef = 24E91B6315BEB1FA00E0DB54 /* main.m */; };
		24E91B6815BEB1FA00E0DB54 /* AppDelegate.m in Sources */ = {isa = PBXBuildFile; fileRef = 24E91B6715BEB1FA00E0DB54 /* AppDelegate.m */; };
		24E91B6D15BEB20600E0DB54 /* libDCTCoreDataStack.a in Frameworks */ = {isa = PBXBuildFile; fileRef = 2437B68D15B97C2600750117 /* libDCTCoreDataStack.a */; };
		24E91B6E15BEB20A00E0DB54 /* CoreData.framework in Frameworks */ = {isa = PBXBuildFile; fileRef = 24F6EC21158A269800CEDD41 /* CoreData.framework */; };
		24E91B7715BEB26600E0DB54 /* _Event.m in Sources */ = {isa = PBXBuildFile; fileRef = 24E91B7415BEB26600E0DB54 /* _Event.m */; };
		24E91B7815BEB26600E0DB54 /* Event.m in Sources */ = {isa = PBXBuildFile; fileRef = 24E91B7615BEB26600E0DB54 /* Event.m */; };
		24E91B7D15BEB28900E0DB54 /* DCTCoreDataStack.xcdatamodeld in Sources */ = {isa = PBXBuildFile; fileRef = 24E91B7B15BEB28900E0DB54 /* DCTCoreDataStack.xcdatamodeld */; };
		24E91BC515BEB71200E0DB54 /* ViewController.m in Sources */ = {isa = PBXBuildFile; fileRef = 24E91BC415BEB71200E0DB54 /* ViewController.m */; };
		24E91BDF15BED01A00E0DB54 /* _DCTCDSManagedObjectContext.m in Sources */ = {isa = PBXBuildFile; fileRef = 24E91BDE15BED01A00E0DB54 /* _DCTCDSManagedObjectContext.m */; };
		24F6EC02158A261000CEDD41 /* SenTestingKit.framework in Frameworks */ = {isa = PBXBuildFile; fileRef = 24F6EC01158A261000CEDD41 /* SenTestingKit.framework */; };
		24F6EC05158A261000CEDD41 /* Foundation.framework in Frameworks */ = {isa = PBXBuildFile; fileRef = 24F6EBF3158A261000CEDD41 /* Foundation.framework */; };
		24F6EC0E158A261000CEDD41 /* InfoPlist.strings in Resources */ = {isa = PBXBuildFile; fileRef = 24F6EC0C158A261000CEDD41 /* InfoPlist.strings */; };
		24F6EC11158A261000CEDD41 /* DCTCoreDataStackTests.m in Sources */ = {isa = PBXBuildFile; fileRef = 24F6EC10158A261000CEDD41 /* DCTCoreDataStackTests.m */; };
/* End PBXBuildFile section */

/* Begin PBXCopyFilesBuildPhase section */
		2437B68B15B97C2600750117 /* CopyFiles */ = {
			isa = PBXCopyFilesBuildPhase;
			buildActionMask = 2147483647;
			dstPath = "include/${PRODUCT_NAME}";
			dstSubfolderSpec = 16;
			files = (
				2437B69915B97C5200750117 /* DCTCoreDataStack.h in CopyFiles */,
				2437B69A15B97C5400750117 /* NSManagedObjectContext+DCTCoreDataStack.h in CopyFiles */,
			);
			runOnlyForDeploymentPostprocessing = 0;
		};
/* End PBXCopyFilesBuildPhase section */

/* Begin PBXFileReference section */
		2437B68D15B97C2600750117 /* libDCTCoreDataStack.a */ = {isa = PBXFileReference; explicitFileType = archive.ar; includeInIndex = 0; path = libDCTCoreDataStack.a; sourceTree = BUILT_PRODUCTS_DIR; };
		24E91B5715BEB1FA00E0DB54 /* CoreDataStack.app */ = {isa = PBXFileReference; explicitFileType = wrapper.application; includeInIndex = 0; path = CoreDataStack.app; sourceTree = BUILT_PRODUCTS_DIR; };
		24E91B5B15BEB1FA00E0DB54 /* CoreGraphics.framework */ = {isa = PBXFileReference; lastKnownFileType = wrapper.framework; name = CoreGraphics.framework; path = System/Library/Frameworks/CoreGraphics.framework; sourceTree = SDKROOT; };
		24E91B5F15BEB1FA00E0DB54 /* Demo-Info.plist */ = {isa = PBXFileReference; lastKnownFileType = text.plist.xml; path = "Demo-Info.plist"; sourceTree = "<group>"; };
		24E91B6115BEB1FA00E0DB54 /* en */ = {isa = PBXFileReference; lastKnownFileType = text.plist.strings; name = en; path = en.lproj/InfoPlist.strings; sourceTree = "<group>"; };
		24E91B6315BEB1FA00E0DB54 /* main.m */ = {isa = PBXFileReference; lastKnownFileType = sourcecode.c.objc; path = main.m; sourceTree = "<group>"; };
		24E91B6515BEB1FA00E0DB54 /* Demo-Prefix.pch */ = {isa = PBXFileReference; lastKnownFileType = sourcecode.c.h; path = "Demo-Prefix.pch"; sourceTree = "<group>"; };
		24E91B6615BEB1FA00E0DB54 /* AppDelegate.h */ = {isa = PBXFileReference; lastKnownFileType = sourcecode.c.h; path = AppDelegate.h; sourceTree = "<group>"; };
		24E91B6715BEB1FA00E0DB54 /* AppDelegate.m */ = {isa = PBXFileReference; lastKnownFileType = sourcecode.c.objc; path = AppDelegate.m; sourceTree = "<group>"; };
		24E91B7315BEB26600E0DB54 /* _Event.h */ = {isa = PBXFileReference; fileEncoding = 4; lastKnownFileType = sourcecode.c.h; path = _Event.h; sourceTree = "<group>"; };
		24E91B7415BEB26600E0DB54 /* _Event.m */ = {isa = PBXFileReference; fileEncoding = 4; lastKnownFileType = sourcecode.c.objc; path = _Event.m; sourceTree = "<group>"; };
		24E91B7515BEB26600E0DB54 /* Event.h */ = {isa = PBXFileReference; fileEncoding = 4; lastKnownFileType = sourcecode.c.h; path = Event.h; sourceTree = "<group>"; };
		24E91B7615BEB26600E0DB54 /* Event.m */ = {isa = PBXFileReference; fileEncoding = 4; lastKnownFileType = sourcecode.c.objc; path = Event.m; sourceTree = "<group>"; };
		24E91B7C15BEB28900E0DB54 /* DCTCoreDataStack.xcdatamodel */ = {isa = PBXFileReference; lastKnownFileType = wrapper.xcdatamodel; path = DCTCoreDataStack.xcdatamodel; sourceTree = "<group>"; };
		24E91BC315BEB71200E0DB54 /* ViewController.h */ = {isa = PBXFileReference; fileEncoding = 4; lastKnownFileType = sourcecode.c.h; path = ViewController.h; sourceTree = "<group>"; };
		24E91BC415BEB71200E0DB54 /* ViewController.m */ = {isa = PBXFileReference; fileEncoding = 4; lastKnownFileType = sourcecode.c.objc; path = ViewController.m; sourceTree = "<group>"; };
		24E91BDD15BED01A00E0DB54 /* _DCTCDSManagedObjectContext.h */ = {isa = PBXFileReference; fileEncoding = 4; lastKnownFileType = sourcecode.c.h; path = _DCTCDSManagedObjectContext.h; sourceTree = "<group>"; };
		24E91BDE15BED01A00E0DB54 /* _DCTCDSManagedObjectContext.m */ = {isa = PBXFileReference; fileEncoding = 4; lastKnownFileType = sourcecode.c.objc; path = _DCTCDSManagedObjectContext.m; sourceTree = "<group>"; };
		24F6EBF3158A261000CEDD41 /* Foundation.framework */ = {isa = PBXFileReference; lastKnownFileType = wrapper.framework; name = Foundation.framework; path = System/Library/Frameworks/Foundation.framework; sourceTree = SDKROOT; };
		24F6EBF8158A261000CEDD41 /* DCTCoreDataStack.h */ = {isa = PBXFileReference; lastKnownFileType = sourcecode.c.h; path = DCTCoreDataStack.h; sourceTree = "<group>"; };
		24F6EBF9158A261000CEDD41 /* DCTCoreDataStack.m */ = {isa = PBXFileReference; lastKnownFileType = sourcecode.c.objc; path = DCTCoreDataStack.m; sourceTree = "<group>"; };
		24F6EC00158A261000CEDD41 /* DCTCoreDataStackTests.octest */ = {isa = PBXFileReference; explicitFileType = wrapper.cfbundle; includeInIndex = 0; path = DCTCoreDataStackTests.octest; sourceTree = BUILT_PRODUCTS_DIR; };
		24F6EC01158A261000CEDD41 /* SenTestingKit.framework */ = {isa = PBXFileReference; lastKnownFileType = wrapper.framework; name = SenTestingKit.framework; path = Library/Frameworks/SenTestingKit.framework; sourceTree = DEVELOPER_DIR; };
		24F6EC0B158A261000CEDD41 /* DCTCoreDataStackTests-Info.plist */ = {isa = PBXFileReference; lastKnownFileType = text.plist.xml; path = "DCTCoreDataStackTests-Info.plist"; sourceTree = "<group>"; };
		24F6EC0D158A261000CEDD41 /* en */ = {isa = PBXFileReference; lastKnownFileType = text.plist.strings; name = en; path = en.lproj/InfoPlist.strings; sourceTree = "<group>"; };
		24F6EC0F158A261000CEDD41 /* DCTCoreDataStackTests.h */ = {isa = PBXFileReference; lastKnownFileType = sourcecode.c.h; path = DCTCoreDataStackTests.h; sourceTree = "<group>"; };
		24F6EC10158A261000CEDD41 /* DCTCoreDataStackTests.m */ = {isa = PBXFileReference; lastKnownFileType = sourcecode.c.objc; path = DCTCoreDataStackTests.m; sourceTree = "<group>"; };
		24F6EC1A158A264C00CEDD41 /* NSManagedObjectContext+DCTCoreDataStack.h */ = {isa = PBXFileReference; fileEncoding = 4; lastKnownFileType = sourcecode.c.h; path = "NSManagedObjectContext+DCTCoreDataStack.h"; sourceTree = "<group>"; };
		24F6EC1B158A264C00CEDD41 /* NSManagedObjectContext+DCTCoreDataStack.m */ = {isa = PBXFileReference; fileEncoding = 4; lastKnownFileType = sourcecode.c.objc; path = "NSManagedObjectContext+DCTCoreDataStack.m"; sourceTree = "<group>"; };
		24F6EC1F158A269300CEDD41 /* UIKit.framework */ = {isa = PBXFileReference; lastKnownFileType = wrapper.framework; name = UIKit.framework; path = System/Library/Frameworks/UIKit.framework; sourceTree = SDKROOT; };
		24F6EC21158A269800CEDD41 /* CoreData.framework */ = {isa = PBXFileReference; lastKnownFileType = wrapper.framework; name = CoreData.framework; path = System/Library/Frameworks/CoreData.framework; sourceTree = SDKROOT; };
/* End PBXFileReference section */

/* Begin PBXFrameworksBuildPhase section */
		2437B68A15B97C2600750117 /* Frameworks */ = {
			isa = PBXFrameworksBuildPhase;
			buildActionMask = 2147483647;
			files = (
				2437B68E15B97C2600750117 /* Foundation.framework in Frameworks */,
			);
			runOnlyForDeploymentPostprocessing = 0;
		};
		24E91B5415BEB1FA00E0DB54 /* Frameworks */ = {
			isa = PBXFrameworksBuildPhase;
			buildActionMask = 2147483647;
			files = (
				24E91B6E15BEB20A00E0DB54 /* CoreData.framework in Frameworks */,
				24E91B6D15BEB20600E0DB54 /* libDCTCoreDataStack.a in Frameworks */,
				24E91B5915BEB1FA00E0DB54 /* UIKit.framework in Frameworks */,
				24E91B5A15BEB1FA00E0DB54 /* Foundation.framework in Frameworks */,
				24E91B5C15BEB1FA00E0DB54 /* CoreGraphics.framework in Frameworks */,
			);
			runOnlyForDeploymentPostprocessing = 0;
		};
		24F6EBFC158A261000CEDD41 /* Frameworks */ = {
			isa = PBXFrameworksBuildPhase;
			buildActionMask = 2147483647;
			files = (
				24F6EC02158A261000CEDD41 /* SenTestingKit.framework in Frameworks */,
				24F6EC05158A261000CEDD41 /* Foundation.framework in Frameworks */,
			);
			runOnlyForDeploymentPostprocessing = 0;
		};
/* End PBXFrameworksBuildPhase section */

/* Begin PBXGroup section */
		24E91B5D15BEB1FA00E0DB54 /* Demo */ = {
			isa = PBXGroup;
			children = (
				24E91B7315BEB26600E0DB54 /* _Event.h */,
				24E91B7415BEB26600E0DB54 /* _Event.m */,
				24E91B7515BEB26600E0DB54 /* Event.h */,
				24E91B7615BEB26600E0DB54 /* Event.m */,
				24E91B6615BEB1FA00E0DB54 /* AppDelegate.h */,
				24E91B6715BEB1FA00E0DB54 /* AppDelegate.m */,
				24E91BC315BEB71200E0DB54 /* ViewController.h */,
				24E91BC415BEB71200E0DB54 /* ViewController.m */,
				24E91B7B15BEB28900E0DB54 /* DCTCoreDataStack.xcdatamodeld */,
				24E91B5E15BEB1FA00E0DB54 /* Supporting Files */,
			);
			path = Demo;
			sourceTree = "<group>";
		};
		24E91B5E15BEB1FA00E0DB54 /* Supporting Files */ = {
			isa = PBXGroup;
			children = (
				24E91B5F15BEB1FA00E0DB54 /* Demo-Info.plist */,
				24E91B6015BEB1FA00E0DB54 /* InfoPlist.strings */,
				24E91B6315BEB1FA00E0DB54 /* main.m */,
				24E91B6515BEB1FA00E0DB54 /* Demo-Prefix.pch */,
			);
			name = "Supporting Files";
			sourceTree = "<group>";
		};
		24F6EBE5158A261000CEDD41 = {
			isa = PBXGroup;
			children = (
				24F6EBF5158A261000CEDD41 /* DCTCoreDataStack */,
				24F6EC09158A261000CEDD41 /* DCTCoreDataStackTests */,
				24E91B5D15BEB1FA00E0DB54 /* Demo */,
				24F6EBF2158A261000CEDD41 /* Frameworks */,
				24F6EBF1158A261000CEDD41 /* Products */,
			);
			sourceTree = "<group>";
		};
		24F6EBF1158A261000CEDD41 /* Products */ = {
			isa = PBXGroup;
			children = (
				24F6EC00158A261000CEDD41 /* DCTCoreDataStackTests.octest */,
				2437B68D15B97C2600750117 /* libDCTCoreDataStack.a */,
				24E91B5715BEB1FA00E0DB54 /* CoreDataStack.app */,
			);
			name = Products;
			sourceTree = "<group>";
		};
		24F6EBF2158A261000CEDD41 /* Frameworks */ = {
			isa = PBXGroup;
			children = (
				24F6EBF3158A261000CEDD41 /* Foundation.framework */,
				24F6EC01158A261000CEDD41 /* SenTestingKit.framework */,
				24F6EC21158A269800CEDD41 /* CoreData.framework */,
				24F6EC1F158A269300CEDD41 /* UIKit.framework */,
				24E91B5B15BEB1FA00E0DB54 /* CoreGraphics.framework */,
			);
			name = Frameworks;
			sourceTree = "<group>";
		};
		24F6EBF5158A261000CEDD41 /* DCTCoreDataStack */ = {
			isa = PBXGroup;
			children = (
				24F6EBF8158A261000CEDD41 /* DCTCoreDataStack.h */,
				24F6EBF9158A261000CEDD41 /* DCTCoreDataStack.m */,
				24F6EC1A158A264C00CEDD41 /* NSManagedObjectContext+DCTCoreDataStack.h */,
				24F6EC1B158A264C00CEDD41 /* NSManagedObjectContext+DCTCoreDataStack.m */,
				24E91BDD15BED01A00E0DB54 /* _DCTCDSManagedObjectContext.h */,
				24E91BDE15BED01A00E0DB54 /* _DCTCDSManagedObjectContext.m */,
			);
			path = DCTCoreDataStack;
			sourceTree = "<group>";
		};
		24F6EC09158A261000CEDD41 /* DCTCoreDataStackTests */ = {
			isa = PBXGroup;
			children = (
				24F6EC0F158A261000CEDD41 /* DCTCoreDataStackTests.h */,
				24F6EC10158A261000CEDD41 /* DCTCoreDataStackTests.m */,
				24F6EC0A158A261000CEDD41 /* Supporting Files */,
			);
			path = DCTCoreDataStackTests;
			sourceTree = "<group>";
		};
		24F6EC0A158A261000CEDD41 /* Supporting Files */ = {
			isa = PBXGroup;
			children = (
				24F6EC0B158A261000CEDD41 /* DCTCoreDataStackTests-Info.plist */,
				24F6EC0C158A261000CEDD41 /* InfoPlist.strings */,
			);
			name = "Supporting Files";
			sourceTree = "<group>";
		};
/* End PBXGroup section */

/* Begin PBXNativeTarget section */
		2437B68C15B97C2600750117 /* DCTCoreDataStack */ = {
			isa = PBXNativeTarget;
			buildConfigurationList = 2437B69615B97C2600750117 /* Build configuration list for PBXNativeTarget "DCTCoreDataStack" */;
			buildPhases = (
				2437B68B15B97C2600750117 /* CopyFiles */,
				2437B68915B97C2600750117 /* Sources */,
				2437B68A15B97C2600750117 /* Frameworks */,
			);
			buildRules = (
			);
			dependencies = (
			);
			name = DCTCoreDataStack;
			productName = DCTCoreDataStack;
			productReference = 2437B68D15B97C2600750117 /* libDCTCoreDataStack.a */;
			productType = "com.apple.product-type.library.static";
		};
		24E91B5615BEB1FA00E0DB54 /* Demo */ = {
			isa = PBXNativeTarget;
			buildConfigurationList = 24E91B6B15BEB1FA00E0DB54 /* Build configuration list for PBXNativeTarget "Demo" */;
			buildPhases = (
				24E91B5315BEB1FA00E0DB54 /* Sources */,
				24E91B5415BEB1FA00E0DB54 /* Frameworks */,
				24E91B5515BEB1FA00E0DB54 /* Resources */,
			);
			buildRules = (
			);
			dependencies = (
			);
			name = Demo;
			productName = Demo;
			productReference = 24E91B5715BEB1FA00E0DB54 /* CoreDataStack.app */;
			productType = "com.apple.product-type.application";
		};
		24F6EBFF158A261000CEDD41 /* DCTCoreDataStackTests */ = {
			isa = PBXNativeTarget;
			buildConfigurationList = 24F6EC17158A261000CEDD41 /* Build configuration list for PBXNativeTarget "DCTCoreDataStackTests" */;
			buildPhases = (
				24F6EBFB158A261000CEDD41 /* Sources */,
				24F6EBFC158A261000CEDD41 /* Frameworks */,
				24F6EBFD158A261000CEDD41 /* Resources */,
				24F6EBFE158A261000CEDD41 /* ShellScript */,
			);
			buildRules = (
			);
			dependencies = (
			);
			name = DCTCoreDataStackTests;
			productName = DCTCoreDataStackTests;
			productReference = 24F6EC00158A261000CEDD41 /* DCTCoreDataStackTests.octest */;
			productType = "com.apple.product-type.bundle";
		};
/* End PBXNativeTarget section */

/* Begin PBXProject section */
		24F6EBE7158A261000CEDD41 /* Project object */ = {
			isa = PBXProject;
			attributes = {
				LastUpgradeCheck = 0440;
				ORGANIZATIONNAME = "Daniel Tull";
			};
			buildConfigurationList = 24F6EBEA158A261000CEDD41 /* Build configuration list for PBXProject "DCTCoreDataStack" */;
			compatibilityVersion = "Xcode 3.2";
			developmentRegion = English;
			hasScannedForEncodings = 0;
			knownRegions = (
				en,
			);
			mainGroup = 24F6EBE5158A261000CEDD41;
			productRefGroup = 24F6EBF1158A261000CEDD41 /* Products */;
			projectDirPath = "";
			projectRoot = "";
			targets = (
				2437B68C15B97C2600750117 /* DCTCoreDataStack */,
				24F6EBFF158A261000CEDD41 /* DCTCoreDataStackTests */,
				24E91B5615BEB1FA00E0DB54 /* Demo */,
			);
		};
/* End PBXProject section */

/* Begin PBXResourcesBuildPhase section */
		24E91B5515BEB1FA00E0DB54 /* Resources */ = {
			isa = PBXResourcesBuildPhase;
			buildActionMask = 2147483647;
			files = (
				24E91B6215BEB1FA00E0DB54 /* InfoPlist.strings in Resources */,
			);
			runOnlyForDeploymentPostprocessing = 0;
		};
		24F6EBFD158A261000CEDD41 /* Resources */ = {
			isa = PBXResourcesBuildPhase;
			buildActionMask = 2147483647;
			files = (
				24F6EC0E158A261000CEDD41 /* InfoPlist.strings in Resources */,
			);
			runOnlyForDeploymentPostprocessing = 0;
		};
/* End PBXResourcesBuildPhase section */

/* Begin PBXShellScriptBuildPhase section */
		24F6EBFE158A261000CEDD41 /* ShellScript */ = {
			isa = PBXShellScriptBuildPhase;
			buildActionMask = 2147483647;
			files = (
			);
			inputPaths = (
			);
			outputPaths = (
			);
			runOnlyForDeploymentPostprocessing = 0;
			shellPath = /bin/sh;
			shellScript = "# Run the unit tests in this test bundle.\n\"${SYSTEM_DEVELOPER_DIR}/Tools/RunUnitTests\"\n";
		};
/* End PBXShellScriptBuildPhase section */

/* Begin PBXSourcesBuildPhase section */
		2437B68915B97C2600750117 /* Sources */ = {
			isa = PBXSourcesBuildPhase;
			buildActionMask = 2147483647;
			files = (
				2437B69B15B97C5C00750117 /* DCTCoreDataStack.m in Sources */,
				2437B69C15B97C5F00750117 /* NSManagedObjectContext+DCTCoreDataStack.m in Sources */,
				24E91BDF15BED01A00E0DB54 /* _DCTCDSManagedObjectContext.m in Sources */,
			);
			runOnlyForDeploymentPostprocessing = 0;
		};
		24E91B5315BEB1FA00E0DB54 /* Sources */ = {
			isa = PBXSourcesBuildPhase;
			buildActionMask = 2147483647;
			files = (
				24E91B6415BEB1FA00E0DB54 /* main.m in Sources */,
				24E91B6815BEB1FA00E0DB54 /* AppDelegate.m in Sources */,
				24E91B7715BEB26600E0DB54 /* _Event.m in Sources */,
				24E91B7815BEB26600E0DB54 /* Event.m in Sources */,
				24E91B7D15BEB28900E0DB54 /* DCTCoreDataStack.xcdatamodeld in Sources */,
				24E91BC515BEB71200E0DB54 /* ViewController.m in Sources */,
			);
			runOnlyForDeploymentPostprocessing = 0;
		};
		24F6EBFB158A261000CEDD41 /* Sources */ = {
			isa = PBXSourcesBuildPhase;
			buildActionMask = 2147483647;
			files = (
				24F6EC11158A261000CEDD41 /* DCTCoreDataStackTests.m in Sources */,
			);
			runOnlyForDeploymentPostprocessing = 0;
		};
/* End PBXSourcesBuildPhase section */

/* Begin PBXVariantGroup section */
		24E91B6015BEB1FA00E0DB54 /* InfoPlist.strings */ = {
			isa = PBXVariantGroup;
			children = (
				24E91B6115BEB1FA00E0DB54 /* en */,
			);
			name = InfoPlist.strings;
			sourceTree = "<group>";
		};
		24F6EC0C158A261000CEDD41 /* InfoPlist.strings */ = {
			isa = PBXVariantGroup;
			children = (
				24F6EC0D158A261000CEDD41 /* en */,
			);
			name = InfoPlist.strings;
			sourceTree = "<group>";
		};
/* End PBXVariantGroup section */

/* Begin XCBuildConfiguration section */
		2437B69715B97C2600750117 /* Debug */ = {
			isa = XCBuildConfiguration;
			buildSettings = {
				CLANG_CXX_LIBRARY = "libc++";
				DSTROOT = /tmp/DCTCoreDataStack.dst;
				GCC_PRECOMPILE_PREFIX_HEADER = YES;
				GCC_PREFIX_HEADER = "";
				IPHONEOS_DEPLOYMENT_TARGET = 5.0;
				OTHER_LDFLAGS = "-ObjC";
				PRODUCT_NAME = "$(TARGET_NAME)";
				SKIP_INSTALL = YES;
			};
			name = Debug;
		};
		2437B69815B97C2600750117 /* Release */ = {
			isa = XCBuildConfiguration;
			buildSettings = {
				CLANG_CXX_LIBRARY = "libc++";
				DSTROOT = /tmp/DCTCoreDataStack.dst;
				GCC_PRECOMPILE_PREFIX_HEADER = YES;
				GCC_PREFIX_HEADER = "";
				IPHONEOS_DEPLOYMENT_TARGET = 5.0;
				OTHER_LDFLAGS = "-ObjC";
				PRODUCT_NAME = "$(TARGET_NAME)";
				SKIP_INSTALL = YES;
			};
			name = Release;
		};
		24E91B6915BEB1FA00E0DB54 /* Debug */ = {
			isa = XCBuildConfiguration;
			buildSettings = {
				CLANG_CXX_LIBRARY = "libc++";
				"CODE_SIGN_IDENTITY[sdk=iphoneos*]" = "iPhone Developer";
				GCC_PRECOMPILE_PREFIX_HEADER = YES;
				GCC_PREFIX_HEADER = "Demo/Demo-Prefix.pch";
				INFOPLIST_FILE = "Demo/Demo-Info.plist";
				IPHONEOS_DEPLOYMENT_TARGET = 5.0;
				OTHER_LDFLAGS = "-ObjC";
				PRODUCT_NAME = CoreDataStack;
				WRAPPER_EXTENSION = app;
			};
			name = Debug;
		};
		24E91B6A15BEB1FA00E0DB54 /* Release */ = {
			isa = XCBuildConfiguration;
			buildSettings = {
				CLANG_CXX_LIBRARY = "libc++";
				"CODE_SIGN_IDENTITY[sdk=iphoneos*]" = "iPhone Developer";
				GCC_PRECOMPILE_PREFIX_HEADER = YES;
				GCC_PREFIX_HEADER = "Demo/Demo-Prefix.pch";
				INFOPLIST_FILE = "Demo/Demo-Info.plist";
				IPHONEOS_DEPLOYMENT_TARGET = 5.0;
				OTHER_CFLAGS = "-DNS_BLOCK_ASSERTIONS=1";
				OTHER_LDFLAGS = "-ObjC";
				PRODUCT_NAME = CoreDataStack;
				WRAPPER_EXTENSION = app;
			};
			name = Release;
		};
		24F6EC12158A261000CEDD41 /* Debug */ = {
			isa = XCBuildConfiguration;
			buildSettings = {
				ALWAYS_SEARCH_USER_PATHS = NO;
				ARCHS = "$(ARCHS_STANDARD_32_BIT)";
				CLANG_CXX_LANGUAGE_STANDARD = "gnu++0x";
				CLANG_ENABLE_OBJC_ARC = YES;
				CLANG_WARN__DUPLICATE_METHOD_MATCH = YES;
				COPY_PHASE_STRIP = NO;
				GCC_C_LANGUAGE_STANDARD = gnu99;
				GCC_DYNAMIC_NO_PIC = NO;
				GCC_OPTIMIZATION_LEVEL = 0;
				GCC_PREPROCESSOR_DEFINITIONS = (
					"DEBUG=1",
					"$(inherited)",
				);
				GCC_SYMBOLS_PRIVATE_EXTERN = NO;
				GCC_VERSION = com.apple.compilers.llvm.clang.1_0;
				GCC_WARN_ABOUT_RETURN_TYPE = YES;
				GCC_WARN_UNINITIALIZED_AUTOS = YES;
				GCC_WARN_UNUSED_VARIABLE = YES;
				IPHONEOS_DEPLOYMENT_TARGET = 5.1;
				SDKROOT = iphoneos;
			};
			name = Debug;
		};
		24F6EC13158A261000CEDD41 /* Release */ = {
			isa = XCBuildConfiguration;
			buildSettings = {
				ALWAYS_SEARCH_USER_PATHS = NO;
				ARCHS = "$(ARCHS_STANDARD_32_BIT)";
				CLANG_CXX_LANGUAGE_STANDARD = "gnu++0x";
				CLANG_ENABLE_OBJC_ARC = YES;
				CLANG_WARN__DUPLICATE_METHOD_MATCH = YES;
				COPY_PHASE_STRIP = YES;
				GCC_C_LANGUAGE_STANDARD = gnu99;
				GCC_VERSION = com.apple.compilers.llvm.clang.1_0;
				GCC_WARN_ABOUT_RETURN_TYPE = YES;
				GCC_WARN_UNINITIALIZED_AUTOS = YES;
				GCC_WARN_UNUSED_VARIABLE = YES;
				IPHONEOS_DEPLOYMENT_TARGET = 5.1;
				SDKROOT = iphoneos;
				VALIDATE_PRODUCT = YES;
			};
			name = Release;
		};
		24F6EC18158A261000CEDD41 /* Debug */ = {
			isa = XCBuildConfiguration;
			buildSettings = {
				FRAMEWORK_SEARCH_PATHS = (
					"\"$(SDKROOT)/Developer/Library/Frameworks\"",
					"\"$(DEVELOPER_LIBRARY_DIR)/Frameworks\"",
				);
				GCC_PRECOMPILE_PREFIX_HEADER = YES;
				GCC_PREFIX_HEADER = "DCTCoreDataStack/DCTCoreDataStack-Prefix.pch";
				INFOPLIST_FILE = "DCTCoreDataStackTests/DCTCoreDataStackTests-Info.plist";
				PRODUCT_NAME = "$(TARGET_NAME)";
				WRAPPER_EXTENSION = octest;
			};
			name = Debug;
		};
		24F6EC19158A261000CEDD41 /* Release */ = {
			isa = XCBuildConfiguration;
			buildSettings = {
				FRAMEWORK_SEARCH_PATHS = (
					"\"$(SDKROOT)/Developer/Library/Frameworks\"",
					"\"$(DEVELOPER_LIBRARY_DIR)/Frameworks\"",
				);
				GCC_PRECOMPILE_PREFIX_HEADER = YES;
				GCC_PREFIX_HEADER = "DCTCoreDataStack/DCTCoreDataStack-Prefix.pch";
				INFOPLIST_FILE = "DCTCoreDataStackTests/DCTCoreDataStackTests-Info.plist";
				PRODUCT_NAME = "$(TARGET_NAME)";
				WRAPPER_EXTENSION = octest;
			};
			name = Release;
		};
/* End XCBuildConfiguration section */

/* Begin XCConfigurationList section */
		2437B69615B97C2600750117 /* Build configuration list for PBXNativeTarget "DCTCoreDataStack" */ = {
			isa = XCConfigurationList;
			buildConfigurations = (
				2437B69715B97C2600750117 /* Debug */,
				2437B69815B97C2600750117 /* Release */,
			);
			defaultConfigurationIsVisible = 0;
			defaultConfigurationName = Release;
		};
		24E91B6B15BEB1FA00E0DB54 /* Build configuration list for PBXNativeTarget "Demo" */ = {
			isa = XCConfigurationList;
			buildConfigurations = (
				24E91B6915BEB1FA00E0DB54 /* Debug */,
				24E91B6A15BEB1FA00E0DB54 /* Release */,
			);
			defaultConfigurationIsVisible = 0;
			defaultConfigurationName = Release;
		};
		24F6EBEA158A261000CEDD41 /* Build configuration list for PBXProject "DCTCoreDataStack" */ = {
			isa = XCConfigurationList;
			buildConfigurations = (
				24F6EC12158A261000CEDD41 /* Debug */,
				24F6EC13158A261000CEDD41 /* Release */,
			);
			defaultConfigurationIsVisible = 0;
			defaultConfigurationName = Release;
		};
		24F6EC17158A261000CEDD41 /* Build configuration list for PBXNativeTarget "DCTCoreDataStackTests" */ = {
			isa = XCConfigurationList;
			buildConfigurations = (
				24F6EC18158A261000CEDD41 /* Debug */,
				24F6EC19158A261000CEDD41 /* Release */,
			);
			defaultConfigurationIsVisible = 0;
			defaultConfigurationName = Release;
		};
/* End XCConfigurationList section */

/* Begin XCVersionGroup section */
		24E91B7B15BEB28900E0DB54 /* DCTCoreDataStack.xcdatamodeld */ = {
			isa = XCVersionGroup;
			children = (
				24E91B7C15BEB28900E0DB54 /* DCTCoreDataStack.xcdatamodel */,
			);
			currentVersion = 24E91B7C15BEB28900E0DB54 /* DCTCoreDataStack.xcdatamodel */;
			path = DCTCoreDataStack.xcdatamodeld;
			sourceTree = "<group>";
			versionGroupType = wrapper.xcdatamodel;
		};
/* End XCVersionGroup section */
	};
	rootObject = 24F6EBE7158A261000CEDD41 /* Project object */;
}
