// !$*UTF8*$!
{
	archiveVersion = 1;
	classes = {
	};
	objectVersion = 46;
	objects = {

/* Begin PBXBuildFile section */
		242BF03119A913850063F2F2 /* _DCTCDSManagedObjectContext.h in Headers */ = {isa = PBXBuildFile; fileRef = 24E91BDD15BED01A00E0DB54 /* _DCTCDSManagedObjectContext.h */; };
		242BF03219A913880063F2F2 /* DCTCoreDataStack.h in Headers */ = {isa = PBXBuildFile; fileRef = 24F6EBF8158A261000CEDD41 /* DCTCoreDataStack.h */; settings = {ATTRIBUTES = (Public, ); }; };
		242BF03319A9138A0063F2F2 /* NSManagedObjectContext+DCTCoreDataStack.h in Headers */ = {isa = PBXBuildFile; fileRef = 24F6EC1A158A264C00CEDD41 /* NSManagedObjectContext+DCTCoreDataStack.h */; settings = {ATTRIBUTES = (Public, ); }; };
		242BF03919A914400063F2F2 /* DCTCoreDataStack.framework in Frameworks */ = {isa = PBXBuildFile; fileRef = 242BEFCF19A90B2A0063F2F2 /* DCTCoreDataStack.framework */; };
		242BF03D19A914F60063F2F2 /* DCTCoreDataStack.framework in Frameworks */ = {isa = PBXBuildFile; fileRef = 242BEFCF19A90B2A0063F2F2 /* DCTCoreDataStack.framework */; };
		2437B69915B97C5200750117 /* DCTCoreDataStack.h in CopyFiles */ = {isa = PBXBuildFile; fileRef = 24F6EBF8158A261000CEDD41 /* DCTCoreDataStack.h */; };
		2437B69A15B97C5400750117 /* NSManagedObjectContext+DCTCoreDataStack.h in CopyFiles */ = {isa = PBXBuildFile; fileRef = 24F6EC1A158A264C00CEDD41 /* NSManagedObjectContext+DCTCoreDataStack.h */; };
		2437B69B15B97C5C00750117 /* DCTCoreDataStack.m in Sources */ = {isa = PBXBuildFile; fileRef = 24F6EBF9158A261000CEDD41 /* DCTCoreDataStack.m */; };
		2437B69C15B97C5F00750117 /* NSManagedObjectContext+DCTCoreDataStack.m in Sources */ = {isa = PBXBuildFile; fileRef = 24F6EC1B158A264C00CEDD41 /* NSManagedObjectContext+DCTCoreDataStack.m */; };
		244DE7CC19A917AD00A91DC7 /* DCTCoreDataStack.framework in Embed Frameworks */ = {isa = PBXBuildFile; fileRef = 242BEFCF19A90B2A0063F2F2 /* DCTCoreDataStack.framework */; settings = {ATTRIBUTES = (CodeSignOnCopy, RemoveHeadersOnCopy, ); }; };
		244DE7CF19A9184A00A91DC7 /* DCTCoreDataStack.m in Sources */ = {isa = PBXBuildFile; fileRef = 24F6EBF9158A261000CEDD41 /* DCTCoreDataStack.m */; };
		244DE7D019A9184A00A91DC7 /* NSManagedObjectContext+DCTCoreDataStack.m in Sources */ = {isa = PBXBuildFile; fileRef = 24F6EC1B158A264C00CEDD41 /* NSManagedObjectContext+DCTCoreDataStack.m */; };
		244DE7D119A9184A00A91DC7 /* _DCTCDSManagedObjectContext.m in Sources */ = {isa = PBXBuildFile; fileRef = 24E91BDE15BED01A00E0DB54 /* _DCTCDSManagedObjectContext.m */; };
		24E91B6415BEB1FA00E0DB54 /* main.m in Sources */ = {isa = PBXBuildFile; fileRef = 24E91B6315BEB1FA00E0DB54 /* main.m */; };
		24E91B6815BEB1FA00E0DB54 /* AppDelegate.m in Sources */ = {isa = PBXBuildFile; fileRef = 24E91B6715BEB1FA00E0DB54 /* AppDelegate.m */; };
		24E91B7715BEB26600E0DB54 /* _Event.m in Sources */ = {isa = PBXBuildFile; fileRef = 24E91B7415BEB26600E0DB54 /* _Event.m */; };
		24E91B7815BEB26600E0DB54 /* Event.m in Sources */ = {isa = PBXBuildFile; fileRef = 24E91B7615BEB26600E0DB54 /* Event.m */; };
		24E91B7D15BEB28900E0DB54 /* DCTCoreDataStack.xcdatamodeld in Sources */ = {isa = PBXBuildFile; fileRef = 24E91B7B15BEB28900E0DB54 /* DCTCoreDataStack.xcdatamodeld */; };
		24E91BC515BEB71200E0DB54 /* ViewController.m in Sources */ = {isa = PBXBuildFile; fileRef = 24E91BC415BEB71200E0DB54 /* ViewController.m */; };
		24E91BDF15BED01A00E0DB54 /* _DCTCDSManagedObjectContext.m in Sources */ = {isa = PBXBuildFile; fileRef = 24E91BDE15BED01A00E0DB54 /* _DCTCDSManagedObjectContext.m */; };
		24F6EC11158A261000CEDD41 /* DCTCoreDataStackTests.m in Sources */ = {isa = PBXBuildFile; fileRef = 24F6EC10158A261000CEDD41 /* DCTCoreDataStackTests.m */; };
/* End PBXBuildFile section */

/* Begin PBXCopyFilesBuildPhase section */
		242BF03819A913E80063F2F2 /* Embed Frameworks */ = {
			isa = PBXCopyFilesBuildPhase;
			buildActionMask = 2147483647;
			dstPath = "";
			dstSubfolderSpec = 10;
			files = (
				244DE7CC19A917AD00A91DC7 /* DCTCoreDataStack.framework in Embed Frameworks */,
			);
			name = "Embed Frameworks";
			runOnlyForDeploymentPostprocessing = 0;
		};
		2437B68B15B97C2600750117 /* CopyFiles */ = {
			isa = PBXCopyFilesBuildPhase;
			buildActionMask = 2147483647;
			dstPath = "include/${PRODUCT_NAME}";
			dstSubfolderSpec = 16;
			files = (
				2437B69915B97C5200750117 /* DCTCoreDataStack.h in CopyFiles */,
				2437B69A15B97C5400750117 /* NSManagedObjectContext+DCTCoreDataStack.h in CopyFiles */,
			);
			runOnlyForDeploymentPostprocessing = 0;
		};
/* End PBXCopyFilesBuildPhase section */

/* Begin PBXFileReference section */
		242BEFCF19A90B2A0063F2F2 /* DCTCoreDataStack.framework */ = {isa = PBXFileReference; explicitFileType = wrapper.framework; includeInIndex = 0; path = DCTCoreDataStack.framework; sourceTree = BUILT_PRODUCTS_DIR; };
		242BF02519A911150063F2F2 /* Debug.xcconfig */ = {isa = PBXFileReference; lastKnownFileType = text.xcconfig; path = Debug.xcconfig; sourceTree = "<group>"; };
		242BF02619A911150063F2F2 /* iOS Application.xcconfig */ = {isa = PBXFileReference; lastKnownFileType = text.xcconfig; path = "iOS Application.xcconfig"; sourceTree = "<group>"; };
		242BF02719A911150063F2F2 /* iOS Bundle.xcconfig */ = {isa = PBXFileReference; lastKnownFileType = text.xcconfig; path = "iOS Bundle.xcconfig"; sourceTree = "<group>"; };
		242BF02819A911150063F2F2 /* iOS Framework.xcconfig */ = {isa = PBXFileReference; lastKnownFileType = text.xcconfig; path = "iOS Framework.xcconfig"; sourceTree = "<group>"; };
		242BF02919A911150063F2F2 /* iOS Static Library.xcconfig */ = {isa = PBXFileReference; lastKnownFileType = text.xcconfig; path = "iOS Static Library.xcconfig"; sourceTree = "<group>"; };
		242BF02A19A911150063F2F2 /* iOS Tests.xcconfig */ = {isa = PBXFileReference; lastKnownFileType = text.xcconfig; path = "iOS Tests.xcconfig"; sourceTree = "<group>"; };
		242BF02B19A911150063F2F2 /* OS X Framework.xcconfig */ = {isa = PBXFileReference; lastKnownFileType = text.xcconfig; path = "OS X Framework.xcconfig"; sourceTree = "<group>"; };
		242BF02C19A911150063F2F2 /* Release.xcconfig */ = {isa = PBXFileReference; lastKnownFileType = text.xcconfig; path = Release.xcconfig; sourceTree = "<group>"; };
		242BF02D19A911150063F2F2 /* Shared.xcconfig */ = {isa = PBXFileReference; lastKnownFileType = text.xcconfig; path = Shared.xcconfig; sourceTree = "<group>"; };
		2437B68D15B97C2600750117 /* libDCTCoreDataStack.a */ = {isa = PBXFileReference; explicitFileType = archive.ar; includeInIndex = 0; path = libDCTCoreDataStack.a; sourceTree = BUILT_PRODUCTS_DIR; };
		244DE7F219A9187F00A91DC7 /* DCTCoreDataStack.framework */ = {isa = PBXFileReference; explicitFileType = wrapper.framework; includeInIndex = 0; path = DCTCoreDataStack.framework; sourceTree = BUILT_PRODUCTS_DIR; };
		24E91B5715BEB1FA00E0DB54 /* DCTCoreDataStack Demo.app */ = {isa = PBXFileReference; explicitFileType = wrapper.application; includeInIndex = 0; path = "DCTCoreDataStack Demo.app"; sourceTree = BUILT_PRODUCTS_DIR; };
		24E91B5F15BEB1FA00E0DB54 /* Info.plist */ = {isa = PBXFileReference; lastKnownFileType = text.plist.xml; path = Info.plist; sourceTree = "<group>"; };
		24E91B6315BEB1FA00E0DB54 /* main.m */ = {isa = PBXFileReference; lastKnownFileType = sourcecode.c.objc; path = main.m; sourceTree = "<group>"; };
		24E91B6615BEB1FA00E0DB54 /* AppDelegate.h */ = {isa = PBXFileReference; lastKnownFileType = sourcecode.c.h; path = AppDelegate.h; sourceTree = "<group>"; };
		24E91B6715BEB1FA00E0DB54 /* AppDelegate.m */ = {isa = PBXFileReference; lastKnownFileType = sourcecode.c.objc; path = AppDelegate.m; sourceTree = "<group>"; };
		24E91B7315BEB26600E0DB54 /* _Event.h */ = {isa = PBXFileReference; fileEncoding = 4; lastKnownFileType = sourcecode.c.h; path = _Event.h; sourceTree = "<group>"; };
		24E91B7415BEB26600E0DB54 /* _Event.m */ = {isa = PBXFileReference; fileEncoding = 4; lastKnownFileType = sourcecode.c.objc; path = _Event.m; sourceTree = "<group>"; };
		24E91B7515BEB26600E0DB54 /* Event.h */ = {isa = PBXFileReference; fileEncoding = 4; lastKnownFileType = sourcecode.c.h; path = Event.h; sourceTree = "<group>"; };
		24E91B7615BEB26600E0DB54 /* Event.m */ = {isa = PBXFileReference; fileEncoding = 4; lastKnownFileType = sourcecode.c.objc; path = Event.m; sourceTree = "<group>"; };
		24E91B7C15BEB28900E0DB54 /* DCTCoreDataStack.xcdatamodel */ = {isa = PBXFileReference; lastKnownFileType = wrapper.xcdatamodel; path = DCTCoreDataStack.xcdatamodel; sourceTree = "<group>"; };
		24E91BC315BEB71200E0DB54 /* ViewController.h */ = {isa = PBXFileReference; fileEncoding = 4; lastKnownFileType = sourcecode.c.h; path = ViewController.h; sourceTree = "<group>"; };
		24E91BC415BEB71200E0DB54 /* ViewController.m */ = {isa = PBXFileReference; fileEncoding = 4; lastKnownFileType = sourcecode.c.objc; path = ViewController.m; sourceTree = "<group>"; };
		24E91BDD15BED01A00E0DB54 /* _DCTCDSManagedObjectContext.h */ = {isa = PBXFileReference; fileEncoding = 4; lastKnownFileType = sourcecode.c.h; path = _DCTCDSManagedObjectContext.h; sourceTree = "<group>"; };
		24E91BDE15BED01A00E0DB54 /* _DCTCDSManagedObjectContext.m */ = {isa = PBXFileReference; fileEncoding = 4; lastKnownFileType = sourcecode.c.objc; path = _DCTCDSManagedObjectContext.m; sourceTree = "<group>"; };
		24F6EBF8158A261000CEDD41 /* DCTCoreDataStack.h */ = {isa = PBXFileReference; lastKnownFileType = sourcecode.c.h; path = DCTCoreDataStack.h; sourceTree = "<group>"; };
		24F6EBF9158A261000CEDD41 /* DCTCoreDataStack.m */ = {isa = PBXFileReference; lastKnownFileType = sourcecode.c.objc; path = DCTCoreDataStack.m; sourceTree = "<group>"; };
		24F6EC00158A261000CEDD41 /* DCTCoreDataStack Tests.xctest */ = {isa = PBXFileReference; explicitFileType = wrapper.cfbundle; includeInIndex = 0; path = "DCTCoreDataStack Tests.xctest"; sourceTree = BUILT_PRODUCTS_DIR; };
		24F6EC0B158A261000CEDD41 /* Info.plist */ = {isa = PBXFileReference; lastKnownFileType = text.plist.xml; path = Info.plist; sourceTree = "<group>"; };
		24F6EC0F158A261000CEDD41 /* DCTCoreDataStackTests.h */ = {isa = PBXFileReference; lastKnownFileType = sourcecode.c.h; path = DCTCoreDataStackTests.h; sourceTree = "<group>"; };
		24F6EC10158A261000CEDD41 /* DCTCoreDataStackTests.m */ = {isa = PBXFileReference; lastKnownFileType = sourcecode.c.objc; path = DCTCoreDataStackTests.m; sourceTree = "<group>"; };
		24F6EC1A158A264C00CEDD41 /* NSManagedObjectContext+DCTCoreDataStack.h */ = {isa = PBXFileReference; fileEncoding = 4; lastKnownFileType = sourcecode.c.h; path = "NSManagedObjectContext+DCTCoreDataStack.h"; sourceTree = "<group>"; };
		24F6EC1B158A264C00CEDD41 /* NSManagedObjectContext+DCTCoreDataStack.m */ = {isa = PBXFileReference; fileEncoding = 4; lastKnownFileType = sourcecode.c.objc; path = "NSManagedObjectContext+DCTCoreDataStack.m"; sourceTree = "<group>"; };
/* End PBXFileReference section */

/* Begin PBXFrameworksBuildPhase section */
		242BEFCB19A90B2A0063F2F2 /* Frameworks */ = {
			isa = PBXFrameworksBuildPhase;
			buildActionMask = 2147483647;
			files = (
			);
			runOnlyForDeploymentPostprocessing = 0;
		};
		2437B68A15B97C2600750117 /* Frameworks */ = {
			isa = PBXFrameworksBuildPhase;
			buildActionMask = 2147483647;
			files = (
			);
			runOnlyForDeploymentPostprocessing = 0;
		};
		244DE7EE19A9187F00A91DC7 /* Frameworks */ = {
			isa = PBXFrameworksBuildPhase;
			buildActionMask = 2147483647;
			files = (
			);
			runOnlyForDeploymentPostprocessing = 0;
		};
		24E91B5415BEB1FA00E0DB54 /* Frameworks */ = {
			isa = PBXFrameworksBuildPhase;
			buildActionMask = 2147483647;
			files = (
				242BF03919A914400063F2F2 /* DCTCoreDataStack.framework in Frameworks */,
			);
			runOnlyForDeploymentPostprocessing = 0;
		};
		24F6EBFC158A261000CEDD41 /* Frameworks */ = {
			isa = PBXFrameworksBuildPhase;
			buildActionMask = 2147483647;
			files = (
				242BF03D19A914F60063F2F2 /* DCTCoreDataStack.framework in Frameworks */,
			);
			runOnlyForDeploymentPostprocessing = 0;
		};
/* End PBXFrameworksBuildPhase section */

/* Begin PBXGroup section */
		242BF02419A911150063F2F2 /* Configurations */ = {
			isa = PBXGroup;
			children = (
				242BF02519A911150063F2F2 /* Debug.xcconfig */,
				242BF02619A911150063F2F2 /* iOS Application.xcconfig */,
				242BF02719A911150063F2F2 /* iOS Bundle.xcconfig */,
				242BF02819A911150063F2F2 /* iOS Framework.xcconfig */,
				242BF02919A911150063F2F2 /* iOS Static Library.xcconfig */,
				242BF02A19A911150063F2F2 /* iOS Tests.xcconfig */,
				242BF02B19A911150063F2F2 /* OS X Framework.xcconfig */,
				242BF02C19A911150063F2F2 /* Release.xcconfig */,
				242BF02D19A911150063F2F2 /* Shared.xcconfig */,
			);
			path = Configurations;
			sourceTree = "<group>";
		};
		24671D3F16C5019200889D3F /* Private */ = {
			isa = PBXGroup;
			children = (
				24E91BDD15BED01A00E0DB54 /* _DCTCDSManagedObjectContext.h */,
				24E91BDE15BED01A00E0DB54 /* _DCTCDSManagedObjectContext.m */,
			);
			name = Private;
			sourceTree = "<group>";
		};
		24E91B5D15BEB1FA00E0DB54 /* DCTCoreDataStack Demo */ = {
			isa = PBXGroup;
			children = (
				24E91B7315BEB26600E0DB54 /* _Event.h */,
				24E91B7415BEB26600E0DB54 /* _Event.m */,
				24E91B6615BEB1FA00E0DB54 /* AppDelegate.h */,
				24E91B6715BEB1FA00E0DB54 /* AppDelegate.m */,
				24E91B7B15BEB28900E0DB54 /* DCTCoreDataStack.xcdatamodeld */,
				24E91B7515BEB26600E0DB54 /* Event.h */,
				24E91B7615BEB26600E0DB54 /* Event.m */,
				24E91BC315BEB71200E0DB54 /* ViewController.h */,
				24E91BC415BEB71200E0DB54 /* ViewController.m */,
				24E91B5F15BEB1FA00E0DB54 /* Info.plist */,
				24E91B6315BEB1FA00E0DB54 /* main.m */,
			);
			path = "DCTCoreDataStack Demo";
			sourceTree = "<group>";
		};
		24F6EBE5158A261000CEDD41 = {
			isa = PBXGroup;
			children = (
				24F6EBF5158A261000CEDD41 /* DCTCoreDataStack */,
				24F6EC09158A261000CEDD41 /* DCTCoreDataStack Tests */,
				24E91B5D15BEB1FA00E0DB54 /* DCTCoreDataStack Demo */,
				242BF02419A911150063F2F2 /* Configurations */,
				24F6EBF1158A261000CEDD41 /* Products */,
			);
			sourceTree = "<group>";
		};
		24F6EBF1158A261000CEDD41 /* Products */ = {
			isa = PBXGroup;
			children = (
				24E91B5715BEB1FA00E0DB54 /* DCTCoreDataStack Demo.app */,
				24F6EC00158A261000CEDD41 /* DCTCoreDataStack Tests.xctest */,
				2437B68D15B97C2600750117 /* libDCTCoreDataStack.a */,
				242BEFCF19A90B2A0063F2F2 /* DCTCoreDataStack.framework */,
				244DE7F219A9187F00A91DC7 /* DCTCoreDataStack.framework */,
			);
			name = Products;
			sourceTree = "<group>";
		};
		24F6EBF5158A261000CEDD41 /* DCTCoreDataStack */ = {
			isa = PBXGroup;
			children = (
				24F6EBF8158A261000CEDD41 /* DCTCoreDataStack.h */,
				24F6EBF9158A261000CEDD41 /* DCTCoreDataStack.m */,
				24F6EC1A158A264C00CEDD41 /* NSManagedObjectContext+DCTCoreDataStack.h */,
				24F6EC1B158A264C00CEDD41 /* NSManagedObjectContext+DCTCoreDataStack.m */,
				24671D3F16C5019200889D3F /* Private */,
			);
			path = DCTCoreDataStack;
			sourceTree = "<group>";
		};
		24F6EC09158A261000CEDD41 /* DCTCoreDataStack Tests */ = {
			isa = PBXGroup;
			children = (
				24F6EC0F158A261000CEDD41 /* DCTCoreDataStackTests.h */,
				24F6EC10158A261000CEDD41 /* DCTCoreDataStackTests.m */,
				24F6EC0B158A261000CEDD41 /* Info.plist */,
			);
			path = "DCTCoreDataStack Tests";
			sourceTree = "<group>";
		};
/* End PBXGroup section */

/* Begin PBXHeadersBuildPhase section */
		242BEFCC19A90B2A0063F2F2 /* Headers */ = {
			isa = PBXHeadersBuildPhase;
			buildActionMask = 2147483647;
			files = (
				242BF03219A913880063F2F2 /* DCTCoreDataStack.h in Headers */,
				242BF03319A9138A0063F2F2 /* NSManagedObjectContext+DCTCoreDataStack.h in Headers */,
				242BF03119A913850063F2F2 /* _DCTCDSManagedObjectContext.h in Headers */,
			);
			runOnlyForDeploymentPostprocessing = 0;
		};
		244DE7EF19A9187F00A91DC7 /* Headers */ = {
			isa = PBXHeadersBuildPhase;
			buildActionMask = 2147483647;
			files = (
			);
			runOnlyForDeploymentPostprocessing = 0;
		};
/* End PBXHeadersBuildPhase section */

/* Begin PBXNativeTarget section */
		242BEFCE19A90B2A0063F2F2 /* DCTCoreDataStack iOS */ = {
			isa = PBXNativeTarget;
			buildConfigurationList = 242BEFDF19A90B2B0063F2F2 /* Build configuration list for PBXNativeTarget "DCTCoreDataStack iOS" */;
			buildPhases = (
				242BEFCA19A90B2A0063F2F2 /* Sources */,
				242BEFCB19A90B2A0063F2F2 /* Frameworks */,
				242BEFCC19A90B2A0063F2F2 /* Headers */,
				242BEFCD19A90B2A0063F2F2 /* Resources */,
			);
			buildRules = (
			);
			dependencies = (
			);
			name = "DCTCoreDataStack iOS";
			productName = "DCTCoreDataStack iOS";
			productReference = 242BEFCF19A90B2A0063F2F2 /* DCTCoreDataStack.framework */;
			productType = "com.apple.product-type.framework";
		};
		2437B68C15B97C2600750117 /* DCTCoreDataStack */ = {
			isa = PBXNativeTarget;
			buildConfigurationList = 2437B69615B97C2600750117 /* Build configuration list for PBXNativeTarget "DCTCoreDataStack" */;
			buildPhases = (
				2437B68B15B97C2600750117 /* CopyFiles */,
				2437B68915B97C2600750117 /* Sources */,
				2437B68A15B97C2600750117 /* Frameworks */,
				24243FF218CF94DA00A2F7D9 /* Documentation */,
			);
			buildRules = (
			);
			dependencies = (
			);
			name = DCTCoreDataStack;
			productName = DCTCoreDataStack;
			productReference = 2437B68D15B97C2600750117 /* libDCTCoreDataStack.a */;
			productType = "com.apple.product-type.library.static";
		};
		244DE7F119A9187F00A91DC7 /* DCTCoreDataStack OS X */ = {
			isa = PBXNativeTarget;
			buildConfigurationList = 244DE80219A9187F00A91DC7 /* Build configuration list for PBXNativeTarget "DCTCoreDataStack OS X" */;
			buildPhases = (
				244DE7ED19A9187F00A91DC7 /* Sources */,
				244DE7EE19A9187F00A91DC7 /* Frameworks */,
				244DE7EF19A9187F00A91DC7 /* Headers */,
				244DE7F019A9187F00A91DC7 /* Resources */,
			);
			buildRules = (
			);
			dependencies = (
			);
			name = "DCTCoreDataStack OS X";
			productName = "DCTCoreDataStack OS X";
			productReference = 244DE7F219A9187F00A91DC7 /* DCTCoreDataStack.framework */;
			productType = "com.apple.product-type.framework";
		};
		24E91B5615BEB1FA00E0DB54 /* DCTCoreDataStack Demo */ = {
			isa = PBXNativeTarget;
			buildConfigurationList = 24E91B6B15BEB1FA00E0DB54 /* Build configuration list for PBXNativeTarget "DCTCoreDataStack Demo" */;
			buildPhases = (
				24E91B5315BEB1FA00E0DB54 /* Sources */,
				24E91B5415BEB1FA00E0DB54 /* Frameworks */,
				24E91B5515BEB1FA00E0DB54 /* Resources */,
				242BF03819A913E80063F2F2 /* Embed Frameworks */,
			);
			buildRules = (
			);
			dependencies = (
			);
			name = "DCTCoreDataStack Demo";
			productName = Demo;
			productReference = 24E91B5715BEB1FA00E0DB54 /* DCTCoreDataStack Demo.app */;
			productType = "com.apple.product-type.application";
		};
		24F6EBFF158A261000CEDD41 /* DCTCoreDataStack Tests */ = {
			isa = PBXNativeTarget;
			buildConfigurationList = 24F6EC17158A261000CEDD41 /* Build configuration list for PBXNativeTarget "DCTCoreDataStack Tests" */;
			buildPhases = (
				24F6EBFB158A261000CEDD41 /* Sources */,
				24F6EBFC158A261000CEDD41 /* Frameworks */,
				24F6EBFD158A261000CEDD41 /* Resources */,
				24F6EBFE158A261000CEDD41 /* ShellScript */,
			);
			buildRules = (
			);
			dependencies = (
			);
			name = "DCTCoreDataStack Tests";
			productName = DCTCoreDataStackTests;
			productReference = 24F6EC00158A261000CEDD41 /* DCTCoreDataStack Tests.xctest */;
			productType = "com.apple.product-type.bundle.unit-test";
		};
/* End PBXNativeTarget section */

/* Begin PBXProject section */
		24F6EBE7158A261000CEDD41 /* Project object */ = {
			isa = PBXProject;
			attributes = {
				LastTestingUpgradeCheck = 0510;
				LastUpgradeCheck = 0600;
				ORGANIZATIONNAME = "Daniel Tull";
				TargetAttributes = {
					242BEFCE19A90B2A0063F2F2 = {
						CreatedOnToolsVersion = 6.0;
					};
					244DE7F119A9187F00A91DC7 = {
						CreatedOnToolsVersion = 6.0;
					};
					24F6EBFF158A261000CEDD41 = {
						TestTargetID = 2437B68C15B97C2600750117;
					};
				};
			};
			buildConfigurationList = 24F6EBEA158A261000CEDD41 /* Build configuration list for PBXProject "DCTCoreDataStack" */;
			compatibilityVersion = "Xcode 3.2";
			developmentRegion = English;
			hasScannedForEncodings = 0;
			knownRegions = (
				en,
			);
			mainGroup = 24F6EBE5158A261000CEDD41;
			productRefGroup = 24F6EBF1158A261000CEDD41 /* Products */;
			projectDirPath = "";
			projectRoot = "";
			targets = (
				2437B68C15B97C2600750117 /* DCTCoreDataStack */,
				242BEFCE19A90B2A0063F2F2 /* DCTCoreDataStack iOS */,
				244DE7F119A9187F00A91DC7 /* DCTCoreDataStack OS X */,
				24F6EBFF158A261000CEDD41 /* DCTCoreDataStack Tests */,
				24E91B5615BEB1FA00E0DB54 /* DCTCoreDataStack Demo */,
			);
		};
/* End PBXProject section */

/* Begin PBXResourcesBuildPhase section */
		242BEFCD19A90B2A0063F2F2 /* Resources */ = {
			isa = PBXResourcesBuildPhase;
			buildActionMask = 2147483647;
			files = (
			);
			runOnlyForDeploymentPostprocessing = 0;
		};
		244DE7F019A9187F00A91DC7 /* Resources */ = {
			isa = PBXResourcesBuildPhase;
			buildActionMask = 2147483647;
			files = (
			);
			runOnlyForDeploymentPostprocessing = 0;
		};
		24E91B5515BEB1FA00E0DB54 /* Resources */ = {
			isa = PBXResourcesBuildPhase;
			buildActionMask = 2147483647;
			files = (
			);
			runOnlyForDeploymentPostprocessing = 0;
		};
		24F6EBFD158A261000CEDD41 /* Resources */ = {
			isa = PBXResourcesBuildPhase;
			buildActionMask = 2147483647;
			files = (
			);
			runOnlyForDeploymentPostprocessing = 0;
		};
/* End PBXResourcesBuildPhase section */

/* Begin PBXShellScriptBuildPhase section */
		24243FF218CF94DA00A2F7D9 /* Documentation */ = {
			isa = PBXShellScriptBuildPhase;
			buildActionMask = 2147483647;
			files = (
			);
			inputPaths = (
			);
			name = Documentation;
			outputPaths = (
			);
			runOnlyForDeploymentPostprocessing = 0;
			shellPath = /bin/sh;
			shellScript = "# Add this to Xcode's PATH to find homebrew installation\nPATH=$PATH:/usr/local/bin\n\nappledoc=`which appledoc`\n\nif [ $appledoc ]; then\n\ncompany=\"Daniel Tull\";\ncompanyID=\"uk.co.danieltull\";\ncompanyURL=\"http://danieltull.co.uk\";\nuuid=`uuidgen`\necho ${uuid}\noutputPath=\"/tmp/${uuid}\";\n\n$appledoc \\\n--project-name \"${PRODUCT_NAME}\" \\\n--project-company \"${company}\" \\\n--company-id \"${companyID}\" \\\n--output \"${outputPath}\" \\\n--create-docset \\\n--install-docset \\\n--create-html \\\n--docset-platform-family \"iphoneos\" \\\n--exit-threshold 2 \\\n--no-repeat-first-par \\\n\"${BUILT_PRODUCTS_DIR}/include/${PRODUCT_NAME}\"\n\nrm -rf ${outputPath}\n\nelse\n\necho \"appledoc not found.\"\n\nfi;\n";
		};
		24F6EBFE158A261000CEDD41 /* ShellScript */ = {
			isa = PBXShellScriptBuildPhase;
			buildActionMask = 2147483647;
			files = (
			);
			inputPaths = (
			);
			outputPaths = (
			);
			runOnlyForDeploymentPostprocessing = 0;
			shellPath = /bin/sh;
			shellScript = "# Run the unit tests in this test bundle.\n\"${SYSTEM_DEVELOPER_DIR}/Tools/RunUnitTests\"\n";
		};
/* End PBXShellScriptBuildPhase section */

/* Begin PBXSourcesBuildPhase section */
		242BEFCA19A90B2A0063F2F2 /* Sources */ = {
			isa = PBXSourcesBuildPhase;
			buildActionMask = 2147483647;
			files = (
				244DE7CF19A9184A00A91DC7 /* DCTCoreDataStack.m in Sources */,
				244DE7D019A9184A00A91DC7 /* NSManagedObjectContext+DCTCoreDataStack.m in Sources */,
				244DE7D119A9184A00A91DC7 /* _DCTCDSManagedObjectContext.m in Sources */,
			);
			runOnlyForDeploymentPostprocessing = 0;
		};
		2437B68915B97C2600750117 /* Sources */ = {
			isa = PBXSourcesBuildPhase;
			buildActionMask = 2147483647;
			files = (
				24E91BDF15BED01A00E0DB54 /* _DCTCDSManagedObjectContext.m in Sources */,
				2437B69B15B97C5C00750117 /* DCTCoreDataStack.m in Sources */,
				2437B69C15B97C5F00750117 /* NSManagedObjectContext+DCTCoreDataStack.m in Sources */,
			);
			runOnlyForDeploymentPostprocessing = 0;
		};
		244DE7ED19A9187F00A91DC7 /* Sources */ = {
			isa = PBXSourcesBuildPhase;
			buildActionMask = 2147483647;
			files = (
			);
			runOnlyForDeploymentPostprocessing = 0;
		};
		24E91B5315BEB1FA00E0DB54 /* Sources */ = {
			isa = PBXSourcesBuildPhase;
			buildActionMask = 2147483647;
			files = (
				24E91B7715BEB26600E0DB54 /* _Event.m in Sources */,
				24E91B6815BEB1FA00E0DB54 /* AppDelegate.m in Sources */,
				24E91B7D15BEB28900E0DB54 /* DCTCoreDataStack.xcdatamodeld in Sources */,
				24E91B7815BEB26600E0DB54 /* Event.m in Sources */,
				24E91B6415BEB1FA00E0DB54 /* main.m in Sources */,
				24E91BC515BEB71200E0DB54 /* ViewController.m in Sources */,
			);
			runOnlyForDeploymentPostprocessing = 0;
		};
		24F6EBFB158A261000CEDD41 /* Sources */ = {
			isa = PBXSourcesBuildPhase;
			buildActionMask = 2147483647;
			files = (
				24F6EC11158A261000CEDD41 /* DCTCoreDataStackTests.m in Sources */,
			);
			runOnlyForDeploymentPostprocessing = 0;
		};
/* End PBXSourcesBuildPhase section */

/* Begin XCBuildConfiguration section */
		242BEFE019A90B2B0063F2F2 /* Debug */ = {
			isa = XCBuildConfiguration;
			baseConfigurationReference = 242BF02819A911150063F2F2 /* iOS Framework.xcconfig */;
			buildSettings = {
				APPLICATION_EXTENSION_API_ONLY = NO;
				CURRENT_PROJECT_VERSION = 1;
				DYLIB_COMPATIBILITY_VERSION = 1;
				DYLIB_CURRENT_VERSION = 1;
				PRODUCT_NAME = DCTCoreDataStack;
			};
			name = Debug;
		};
		242BEFE119A90B2B0063F2F2 /* Release */ = {
			isa = XCBuildConfiguration;
			baseConfigurationReference = 242BF02819A911150063F2F2 /* iOS Framework.xcconfig */;
			buildSettings = {
				APPLICATION_EXTENSION_API_ONLY = NO;
				CURRENT_PROJECT_VERSION = 1;
				DYLIB_COMPATIBILITY_VERSION = 1;
				DYLIB_CURRENT_VERSION = 1;
				PRODUCT_NAME = DCTCoreDataStack;
			};
			name = Release;
		};
		2437B69715B97C2600750117 /* Debug */ = {
			isa = XCBuildConfiguration;
			baseConfigurationReference = 242BF02919A911150063F2F2 /* iOS Static Library.xcconfig */;
			buildSettings = {
			};
			name = Debug;
		};
		2437B69815B97C2600750117 /* Release */ = {
			isa = XCBuildConfiguration;
			baseConfigurationReference = 242BF02919A911150063F2F2 /* iOS Static Library.xcconfig */;
			buildSettings = {
			};
			name = Release;
		};
		244DE80319A9187F00A91DC7 /* Debug */ = {
			isa = XCBuildConfiguration;
			baseConfigurationReference = 242BF02B19A911150063F2F2 /* OS X Framework.xcconfig */;
			buildSettings = {
				CURRENT_PROJECT_VERSION = 1;
				DYLIB_COMPATIBILITY_VERSION = 1;
				DYLIB_CURRENT_VERSION = 1;
				PRODUCT_NAME = DCTCoreDataStack;
			};
			name = Debug;
		};
		244DE80419A9187F00A91DC7 /* Release */ = {
			isa = XCBuildConfiguration;
			baseConfigurationReference = 242BF02B19A911150063F2F2 /* OS X Framework.xcconfig */;
			buildSettings = {
				CURRENT_PROJECT_VERSION = 1;
				DYLIB_COMPATIBILITY_VERSION = 1;
				DYLIB_CURRENT_VERSION = 1;
				PRODUCT_NAME = DCTCoreDataStack;
			};
			name = Release;
		};
		24E91B6915BEB1FA00E0DB54 /* Debug */ = {
			isa = XCBuildConfiguration;
			baseConfigurationReference = 242BF02619A911150063F2F2 /* iOS Application.xcconfig */;
			buildSettings = {
				LD_RUNPATH_SEARCH_PATHS = "$(inherited) @executable_path/Frameworks";
			};
			name = Debug;
		};
		24E91B6A15BEB1FA00E0DB54 /* Release */ = {
			isa = XCBuildConfiguration;
			baseConfigurationReference = 242BF02619A911150063F2F2 /* iOS Application.xcconfig */;
			buildSettings = {
				LD_RUNPATH_SEARCH_PATHS = "$(inherited) @executable_path/Frameworks";
			};
			name = Release;
		};
		24F6EC12158A261000CEDD41 /* Debug */ = {
			isa = XCBuildConfiguration;
			baseConfigurationReference = 242BF02519A911150063F2F2 /* Debug.xcconfig */;
			buildSettings = {
			};
			name = Debug;
		};
		24F6EC13158A261000CEDD41 /* Release */ = {
			isa = XCBuildConfiguration;
			baseConfigurationReference = 242BF02C19A911150063F2F2 /* Release.xcconfig */;
			buildSettings = {
			};
			name = Release;
		};
		24F6EC18158A261000CEDD41 /* Debug */ = {
			isa = XCBuildConfiguration;
			baseConfigurationReference = 242BF02A19A911150063F2F2 /* iOS Tests.xcconfig */;
			buildSettings = {
			};
			name = Debug;
		};
		24F6EC19158A261000CEDD41 /* Release */ = {
			isa = XCBuildConfiguration;
			baseConfigurationReference = 242BF02A19A911150063F2F2 /* iOS Tests.xcconfig */;
			buildSettings = {
			};
			name = Release;
		};
/* End XCBuildConfiguration section */

/* Begin XCConfigurationList section */
		242BEFDF19A90B2B0063F2F2 /* Build configuration list for PBXNativeTarget "DCTCoreDataStack iOS" */ = {
			isa = XCConfigurationList;
			buildConfigurations = (
				242BEFE019A90B2B0063F2F2 /* Debug */,
				242BEFE119A90B2B0063F2F2 /* Release */,
			);
			defaultConfigurationIsVisible = 0;
			defaultConfigurationName = Release;
		};
		2437B69615B97C2600750117 /* Build configuration list for PBXNativeTarget "DCTCoreDataStack" */ = {
			isa = XCConfigurationList;
			buildConfigurations = (
				2437B69715B97C2600750117 /* Debug */,
				2437B69815B97C2600750117 /* Release */,
			);
			defaultConfigurationIsVisible = 0;
			defaultConfigurationName = Release;
		};
		244DE80219A9187F00A91DC7 /* Build configuration list for PBXNativeTarget "DCTCoreDataStack OS X" */ = {
			isa = XCConfigurationList;
			buildConfigurations = (
				244DE80319A9187F00A91DC7 /* Debug */,
				244DE80419A9187F00A91DC7 /* Release */,
			);
			defaultConfigurationIsVisible = 0;
		};
		24E91B6B15BEB1FA00E0DB54 /* Build configuration list for PBXNativeTarget "DCTCoreDataStack Demo" */ = {
			isa = XCConfigurationList;
			buildConfigurations = (
				24E91B6915BEB1FA00E0DB54 /* Debug */,
				24E91B6A15BEB1FA00E0DB54 /* Release */,
			);
			defaultConfigurationIsVisible = 0;
			defaultConfigurationName = Release;
		};
		24F6EBEA158A261000CEDD41 /* Build configuration list for PBXProject "DCTCoreDataStack" */ = {
			isa = XCConfigurationList;
			buildConfigurations = (
				24F6EC12158A261000CEDD41 /* Debug */,
				24F6EC13158A261000CEDD41 /* Release */,
			);
			defaultConfigurationIsVisible = 0;
			defaultConfigurationName = Release;
		};
		24F6EC17158A261000CEDD41 /* Build configuration list for PBXNativeTarget "DCTCoreDataStack Tests" */ = {
			isa = XCConfigurationList;
			buildConfigurations = (
				24F6EC18158A261000CEDD41 /* Debug */,
				24F6EC19158A261000CEDD41 /* Release */,
			);
			defaultConfigurationIsVisible = 0;
			defaultConfigurationName = Release;
		};
/* End XCConfigurationList section */

/* Begin XCVersionGroup section */
		24E91B7B15BEB28900E0DB54 /* DCTCoreDataStack.xcdatamodeld */ = {
			isa = XCVersionGroup;
			children = (
				24E91B7C15BEB28900E0DB54 /* DCTCoreDataStack.xcdatamodel */,
			);
			currentVersion = 24E91B7C15BEB28900E0DB54 /* DCTCoreDataStack.xcdatamodel */;
			path = DCTCoreDataStack.xcdatamodeld;
			sourceTree = "<group>";
			versionGroupType = wrapper.xcdatamodel;
		};
/* End XCVersionGroup section */
	};
	rootObject = 24F6EBE7158A261000CEDD41 /* Project object */;
}
