// !$*UTF8*$!
{
	archiveVersion = 1;
	classes = {
	};
	objectVersion = 46;
	objects = {

/* Begin PBXBuildFile section */
		242BF03219A913880063F2F2 /* DCTCoreDataStack.h in Headers */ = {isa = PBXBuildFile; fileRef = 24F6EBF8158A261000CEDD41 /* DCTCoreDataStack.h */; settings = {ATTRIBUTES = (Public, ); }; };
		244A73C81C70FAB100F0A002 /* CoreDataStack.swift in Sources */ = {isa = PBXBuildFile; fileRef = 244A73C71C70FAB100F0A002 /* CoreDataStack.swift */; };
		244A73C91C70FAB100F0A002 /* CoreDataStack.swift in Sources */ = {isa = PBXBuildFile; fileRef = 244A73C71C70FAB100F0A002 /* CoreDataStack.swift */; };
		244A73CA1C70FAB100F0A002 /* CoreDataStack.swift in Sources */ = {isa = PBXBuildFile; fileRef = 244A73C71C70FAB100F0A002 /* CoreDataStack.swift */; };
		244A73CC1C70FE5100F0A002 /* ModelInfo.swift in Sources */ = {isa = PBXBuildFile; fileRef = 244A73CB1C70FE5100F0A002 /* ModelInfo.swift */; };
		244A73CD1C70FE5100F0A002 /* ModelInfo.swift in Sources */ = {isa = PBXBuildFile; fileRef = 244A73CB1C70FE5100F0A002 /* ModelInfo.swift */; };
		244A73CE1C70FE5100F0A002 /* ModelInfo.swift in Sources */ = {isa = PBXBuildFile; fileRef = 244A73CB1C70FE5100F0A002 /* ModelInfo.swift */; };
		244A73D01C70FE7800F0A002 /* StoreInfo.swift in Sources */ = {isa = PBXBuildFile; fileRef = 244A73CF1C70FE7800F0A002 /* StoreInfo.swift */; };
		244A73D11C70FE7800F0A002 /* StoreInfo.swift in Sources */ = {isa = PBXBuildFile; fileRef = 244A73CF1C70FE7800F0A002 /* StoreInfo.swift */; };
		244A73D21C70FE7800F0A002 /* StoreInfo.swift in Sources */ = {isa = PBXBuildFile; fileRef = 244A73CF1C70FE7800F0A002 /* StoreInfo.swift */; };
		244A73D71C71BC4100F0A002 /* Error.swift in Sources */ = {isa = PBXBuildFile; fileRef = 244A73D61C71BC4100F0A002 /* Error.swift */; };
		244A73D81C71BC4100F0A002 /* Error.swift in Sources */ = {isa = PBXBuildFile; fileRef = 244A73D61C71BC4100F0A002 /* Error.swift */; };
		244A73D91C71BC4100F0A002 /* Error.swift in Sources */ = {isa = PBXBuildFile; fileRef = 244A73D61C71BC4100F0A002 /* Error.swift */; };
		244A73DB1C71BDC200F0A002 /* StoreInfoTests.swift in Sources */ = {isa = PBXBuildFile; fileRef = 244A73DA1C71BDC200F0A002 /* StoreInfoTests.swift */; };
		244A73DC1C71BDC200F0A002 /* StoreInfoTests.swift in Sources */ = {isa = PBXBuildFile; fileRef = 244A73DA1C71BDC200F0A002 /* StoreInfoTests.swift */; };
		244A73DD1C71BDC200F0A002 /* StoreInfoTests.swift in Sources */ = {isa = PBXBuildFile; fileRef = 244A73DA1C71BDC200F0A002 /* StoreInfoTests.swift */; };
		244A73DF1C71C48400F0A002 /* ModelInfoTests.swift in Sources */ = {isa = PBXBuildFile; fileRef = 244A73DE1C71C48400F0A002 /* ModelInfoTests.swift */; };
		244A73E01C71C48400F0A002 /* ModelInfoTests.swift in Sources */ = {isa = PBXBuildFile; fileRef = 244A73DE1C71C48400F0A002 /* ModelInfoTests.swift */; };
		244A73E11C71C48400F0A002 /* ModelInfoTests.swift in Sources */ = {isa = PBXBuildFile; fileRef = 244A73DE1C71C48400F0A002 /* ModelInfoTests.swift */; };
		244A73E31C71C55800F0A002 /* CoreDataStackTests.swift in Sources */ = {isa = PBXBuildFile; fileRef = 244A73E21C71C55800F0A002 /* CoreDataStackTests.swift */; };
		244A73E41C71C55800F0A002 /* CoreDataStackTests.swift in Sources */ = {isa = PBXBuildFile; fileRef = 244A73E21C71C55800F0A002 /* CoreDataStackTests.swift */; };
		244A73E51C71C55800F0A002 /* CoreDataStackTests.swift in Sources */ = {isa = PBXBuildFile; fileRef = 244A73E21C71C55800F0A002 /* CoreDataStackTests.swift */; };
		244A73E81C71C68E00F0A002 /* Model.xcdatamodeld in Sources */ = {isa = PBXBuildFile; fileRef = 244A73E61C71C68E00F0A002 /* Model.xcdatamodeld */; };
		244A73E91C71C68E00F0A002 /* Model.xcdatamodeld in Sources */ = {isa = PBXBuildFile; fileRef = 244A73E61C71C68E00F0A002 /* Model.xcdatamodeld */; };
		244A73EA1C71C68E00F0A002 /* Model.xcdatamodeld in Sources */ = {isa = PBXBuildFile; fileRef = 244A73E61C71C68E00F0A002 /* Model.xcdatamodeld */; };
		2473F1BA1BC856080075EA00 /* DCTCoreDataStack.h in Headers */ = {isa = PBXBuildFile; fileRef = 24F6EBF8158A261000CEDD41 /* DCTCoreDataStack.h */; settings = {ATTRIBUTES = (Public, ); }; };
		2473F1C91BC856110075EA00 /* CoreDataStack.framework in Frameworks */ = {isa = PBXBuildFile; fileRef = 242BEFCF19A90B2A0063F2F2 /* CoreDataStack.framework */; };
		248B72D91B9377390072B58C /* CoreDataStack.framework in Frameworks */ = {isa = PBXBuildFile; fileRef = 244DE7F219A9187F00A91DC7 /* CoreDataStack.framework */; };
		248B72DC1B9377480072B58C /* CoreDataStack.framework in Frameworks */ = {isa = PBXBuildFile; fileRef = 242BEFCF19A90B2A0063F2F2 /* CoreDataStack.framework */; };
		24CF1A7A1A939F2300868486 /* DCTCoreDataStack.h in Headers */ = {isa = PBXBuildFile; fileRef = 24F6EBF8158A261000CEDD41 /* DCTCoreDataStack.h */; settings = {ATTRIBUTES = (Public, ); }; };
/* End PBXBuildFile section */

/* Begin PBXContainerItemProxy section */
		2473F1CF1BC856220075EA00 /* PBXContainerItemProxy */ = {
			isa = PBXContainerItemProxy;
			containerPortal = 24F6EBE7158A261000CEDD41 /* Project object */;
			proxyType = 1;
			remoteGlobalIDString = 2473F1B31BC856080075EA00;
			remoteInfo = "DCTCoreDataStack tvOS";
		};
		248B72DA1B93773F0072B58C /* PBXContainerItemProxy */ = {
			isa = PBXContainerItemProxy;
			containerPortal = 24F6EBE7158A261000CEDD41 /* Project object */;
			proxyType = 1;
			remoteGlobalIDString = 244DE7F119A9187F00A91DC7;
			remoteInfo = "DCTCoreDataStack OS X";
		};
		248B72DD1B93774B0072B58C /* PBXContainerItemProxy */ = {
			isa = PBXContainerItemProxy;
			containerPortal = 24F6EBE7158A261000CEDD41 /* Project object */;
			proxyType = 1;
			remoteGlobalIDString = 242BEFCE19A90B2A0063F2F2;
			remoteInfo = "DCTCoreDataStack iOS";
		};
/* End PBXContainerItemProxy section */

/* Begin PBXFileReference section */
		242BEFCF19A90B2A0063F2F2 /* CoreDataStack.framework */ = {isa = PBXFileReference; explicitFileType = wrapper.framework; includeInIndex = 0; path = CoreDataStack.framework; sourceTree = BUILT_PRODUCTS_DIR; };
		244A73A01C70F5DE00F0A002 /* .gitignore */ = {isa = PBXFileReference; lastKnownFileType = text; path = .gitignore; sourceTree = "<group>"; };
		244A73A11C70F5DE00F0A002 /* Application.xcconfig */ = {isa = PBXFileReference; lastKnownFileType = text.xcconfig; path = Application.xcconfig; sourceTree = "<group>"; };
		244A73A21C70F5DE00F0A002 /* Debug.xcconfig */ = {isa = PBXFileReference; lastKnownFileType = text.xcconfig; path = Debug.xcconfig; sourceTree = "<group>"; };
		244A73A31C70F5DE00F0A002 /* Extension.xcconfig */ = {isa = PBXFileReference; lastKnownFileType = text.xcconfig; path = Extension.xcconfig; sourceTree = "<group>"; };
		244A73A41C70F5DE00F0A002 /* Framework.xcconfig */ = {isa = PBXFileReference; lastKnownFileType = text.xcconfig; path = Framework.xcconfig; sourceTree = "<group>"; };
		244A73A51C70F5DE00F0A002 /* generate-version.sh */ = {isa = PBXFileReference; lastKnownFileType = text.script.sh; path = "generate-version.sh"; sourceTree = "<group>"; };
		244A73A71C70F5DE00F0A002 /* iOS Application.xcconfig */ = {isa = PBXFileReference; lastKnownFileType = text.xcconfig; path = "iOS Application.xcconfig"; sourceTree = "<group>"; };
		244A73A81C70F5DE00F0A002 /* iOS Bundle.xcconfig */ = {isa = PBXFileReference; lastKnownFileType = text.xcconfig; path = "iOS Bundle.xcconfig"; sourceTree = "<group>"; };
		244A73A91C70F5DE00F0A002 /* iOS Extension.xcconfig */ = {isa = PBXFileReference; lastKnownFileType = text.xcconfig; path = "iOS Extension.xcconfig"; sourceTree = "<group>"; };
		244A73AA1C70F5DE00F0A002 /* iOS Framework.xcconfig */ = {isa = PBXFileReference; lastKnownFileType = text.xcconfig; path = "iOS Framework.xcconfig"; sourceTree = "<group>"; };
		244A73AB1C70F5DE00F0A002 /* iOS Static Library.xcconfig */ = {isa = PBXFileReference; lastKnownFileType = text.xcconfig; path = "iOS Static Library.xcconfig"; sourceTree = "<group>"; };
		244A73AC1C70F5DE00F0A002 /* iOS Tests.xcconfig */ = {isa = PBXFileReference; lastKnownFileType = text.xcconfig; path = "iOS Tests.xcconfig"; sourceTree = "<group>"; };
		244A73AD1C70F5DE00F0A002 /* iOS UI Tests.xcconfig */ = {isa = PBXFileReference; lastKnownFileType = text.xcconfig; path = "iOS UI Tests.xcconfig"; sourceTree = "<group>"; };
		244A73AE1C70F5DE00F0A002 /* iOS.xcconfig */ = {isa = PBXFileReference; lastKnownFileType = text.xcconfig; path = iOS.xcconfig; sourceTree = "<group>"; };
		244A73B01C70F5DE00F0A002 /* OS X Application.xcconfig */ = {isa = PBXFileReference; lastKnownFileType = text.xcconfig; path = "OS X Application.xcconfig"; sourceTree = "<group>"; };
		244A73B11C70F5DE00F0A002 /* OS X Extension.xcconfig */ = {isa = PBXFileReference; lastKnownFileType = text.xcconfig; path = "OS X Extension.xcconfig"; sourceTree = "<group>"; };
		244A73B21C70F5DE00F0A002 /* OS X Framework.xcconfig */ = {isa = PBXFileReference; lastKnownFileType = text.xcconfig; path = "OS X Framework.xcconfig"; sourceTree = "<group>"; };
		244A73B31C70F5DE00F0A002 /* OS X Tests.xcconfig */ = {isa = PBXFileReference; lastKnownFileType = text.xcconfig; path = "OS X Tests.xcconfig"; sourceTree = "<group>"; };
		244A73B41C70F5DE00F0A002 /* OS X UI Tests.xcconfig */ = {isa = PBXFileReference; lastKnownFileType = text.xcconfig; path = "OS X UI Tests.xcconfig"; sourceTree = "<group>"; };
		244A73B51C70F5DE00F0A002 /* OS X.xcconfig */ = {isa = PBXFileReference; lastKnownFileType = text.xcconfig; path = "OS X.xcconfig"; sourceTree = "<group>"; };
		244A73B61C70F5DE00F0A002 /* Release.xcconfig */ = {isa = PBXFileReference; lastKnownFileType = text.xcconfig; path = Release.xcconfig; sourceTree = "<group>"; };
		244A73B71C70F5DE00F0A002 /* Shared.xcconfig */ = {isa = PBXFileReference; lastKnownFileType = text.xcconfig; path = Shared.xcconfig; sourceTree = "<group>"; };
		244A73B81C70F5DE00F0A002 /* Tests.xcconfig */ = {isa = PBXFileReference; lastKnownFileType = text.xcconfig; path = Tests.xcconfig; sourceTree = "<group>"; };
		244A73BA1C70F5DE00F0A002 /* tvOS Application.xcconfig */ = {isa = PBXFileReference; lastKnownFileType = text.xcconfig; path = "tvOS Application.xcconfig"; sourceTree = "<group>"; };
		244A73BB1C70F5DE00F0A002 /* tvOS Extension.xcconfig */ = {isa = PBXFileReference; lastKnownFileType = text.xcconfig; path = "tvOS Extension.xcconfig"; sourceTree = "<group>"; };
		244A73BC1C70F5DE00F0A002 /* tvOS Framework.xcconfig */ = {isa = PBXFileReference; lastKnownFileType = text.xcconfig; path = "tvOS Framework.xcconfig"; sourceTree = "<group>"; };
		244A73BD1C70F5DE00F0A002 /* tvOS Tests.xcconfig */ = {isa = PBXFileReference; lastKnownFileType = text.xcconfig; path = "tvOS Tests.xcconfig"; sourceTree = "<group>"; };
		244A73BE1C70F5DE00F0A002 /* tvOS UI Tests.xcconfig */ = {isa = PBXFileReference; lastKnownFileType = text.xcconfig; path = "tvOS UI Tests.xcconfig"; sourceTree = "<group>"; };
		244A73BF1C70F5DE00F0A002 /* tvOS.xcconfig */ = {isa = PBXFileReference; lastKnownFileType = text.xcconfig; path = tvOS.xcconfig; sourceTree = "<group>"; };
		244A73C01C70F5DE00F0A002 /* UI Tests.xcconfig */ = {isa = PBXFileReference; lastKnownFileType = text.xcconfig; path = "UI Tests.xcconfig"; sourceTree = "<group>"; };
		244A73C11C70F5DE00F0A002 /* update.sh */ = {isa = PBXFileReference; lastKnownFileType = text.script.sh; path = update.sh; sourceTree = "<group>"; };
		244A73C31C70F5DE00F0A002 /* watchOS Application.xcconfig */ = {isa = PBXFileReference; lastKnownFileType = text.xcconfig; path = "watchOS Application.xcconfig"; sourceTree = "<group>"; };
		244A73C41C70F5DE00F0A002 /* watchOS Extension.xcconfig */ = {isa = PBXFileReference; lastKnownFileType = text.xcconfig; path = "watchOS Extension.xcconfig"; sourceTree = "<group>"; };
		244A73C51C70F5DE00F0A002 /* watchOS Framework.xcconfig */ = {isa = PBXFileReference; lastKnownFileType = text.xcconfig; path = "watchOS Framework.xcconfig"; sourceTree = "<group>"; };
		244A73C61C70F5DE00F0A002 /* watchOS.xcconfig */ = {isa = PBXFileReference; lastKnownFileType = text.xcconfig; path = watchOS.xcconfig; sourceTree = "<group>"; };
		244A73C71C70FAB100F0A002 /* CoreDataStack.swift */ = {isa = PBXFileReference; fileEncoding = 4; lastKnownFileType = sourcecode.swift; path = CoreDataStack.swift; sourceTree = "<group>"; };
		244A73CB1C70FE5100F0A002 /* ModelInfo.swift */ = {isa = PBXFileReference; fileEncoding = 4; lastKnownFileType = sourcecode.swift; path = ModelInfo.swift; sourceTree = "<group>"; };
		244A73CF1C70FE7800F0A002 /* StoreInfo.swift */ = {isa = PBXFileReference; fileEncoding = 4; lastKnownFileType = sourcecode.swift; path = StoreInfo.swift; sourceTree = "<group>"; };
		244A73D31C7105AA00F0A002 /* CoreDataStack+UIStateRestoring.swift */ = {isa = PBXFileReference; fileEncoding = 4; lastKnownFileType = sourcecode.swift; path = "CoreDataStack+UIStateRestoring.swift"; sourceTree = "<group>"; };
		244A73D61C71BC4100F0A002 /* Error.swift */ = {isa = PBXFileReference; fileEncoding = 4; lastKnownFileType = sourcecode.swift; path = Error.swift; sourceTree = "<group>"; };
		244A73DA1C71BDC200F0A002 /* StoreInfoTests.swift */ = {isa = PBXFileReference; fileEncoding = 4; lastKnownFileType = sourcecode.swift; path = StoreInfoTests.swift; sourceTree = "<group>"; };
		244A73DE1C71C48400F0A002 /* ModelInfoTests.swift */ = {isa = PBXFileReference; fileEncoding = 4; lastKnownFileType = sourcecode.swift; path = ModelInfoTests.swift; sourceTree = "<group>"; };
		244A73E21C71C55800F0A002 /* CoreDataStackTests.swift */ = {isa = PBXFileReference; fileEncoding = 4; lastKnownFileType = sourcecode.swift; path = CoreDataStackTests.swift; sourceTree = "<group>"; };
		244A73E71C71C68E00F0A002 /* Model.xcdatamodel */ = {isa = PBXFileReference; lastKnownFileType = wrapper.xcdatamodel; path = Model.xcdatamodel; sourceTree = "<group>"; };
		244DE7F219A9187F00A91DC7 /* CoreDataStack.framework */ = {isa = PBXFileReference; explicitFileType = wrapper.framework; includeInIndex = 0; path = CoreDataStack.framework; sourceTree = BUILT_PRODUCTS_DIR; };
		2473F1C21BC856080075EA00 /* CoreDataStack.framework */ = {isa = PBXFileReference; explicitFileType = wrapper.framework; includeInIndex = 0; path = CoreDataStack.framework; sourceTree = BUILT_PRODUCTS_DIR; };
		2473F1CE1BC856110075EA00 /* CoreDataStack Tests.xctest */ = {isa = PBXFileReference; explicitFileType = wrapper.cfbundle; includeInIndex = 0; path = "CoreDataStack Tests.xctest"; sourceTree = BUILT_PRODUCTS_DIR; };
		248B72D31B9376CD0072B58C /* CoreDataStack Tests.xctest */ = {isa = PBXFileReference; explicitFileType = wrapper.cfbundle; includeInIndex = 0; path = "CoreDataStack Tests.xctest"; sourceTree = BUILT_PRODUCTS_DIR; };
		24F6EBF8158A261000CEDD41 /* DCTCoreDataStack.h */ = {isa = PBXFileReference; lastKnownFileType = sourcecode.c.h; path = DCTCoreDataStack.h; sourceTree = "<group>"; };
		24F6EC00158A261000CEDD41 /* CoreDataStack Tests.xctest */ = {isa = PBXFileReference; explicitFileType = wrapper.cfbundle; includeInIndex = 0; path = "CoreDataStack Tests.xctest"; sourceTree = BUILT_PRODUCTS_DIR; };
		24F6EC0B158A261000CEDD41 /* Info.plist */ = {isa = PBXFileReference; lastKnownFileType = text.plist.xml; path = Info.plist; sourceTree = "<group>"; };
/* End PBXFileReference section */

/* Begin PBXFrameworksBuildPhase section */
		242BEFCB19A90B2A0063F2F2 /* Frameworks */ = {
			isa = PBXFrameworksBuildPhase;
			buildActionMask = 2147483647;
			files = (
			);
			runOnlyForDeploymentPostprocessing = 0;
		};
		244DE7EE19A9187F00A91DC7 /* Frameworks */ = {
			isa = PBXFrameworksBuildPhase;
			buildActionMask = 2147483647;
			files = (
			);
			runOnlyForDeploymentPostprocessing = 0;
		};
		2473F1B81BC856080075EA00 /* Frameworks */ = {
			isa = PBXFrameworksBuildPhase;
			buildActionMask = 2147483647;
			files = (
			);
			runOnlyForDeploymentPostprocessing = 0;
		};
		2473F1C81BC856110075EA00 /* Frameworks */ = {
			isa = PBXFrameworksBuildPhase;
			buildActionMask = 2147483647;
			files = (
				2473F1C91BC856110075EA00 /* CoreDataStack.framework in Frameworks */,
			);
			runOnlyForDeploymentPostprocessing = 0;
		};
		248B72CD1B9376CD0072B58C /* Frameworks */ = {
			isa = PBXFrameworksBuildPhase;
			buildActionMask = 2147483647;
			files = (
				248B72D91B9377390072B58C /* CoreDataStack.framework in Frameworks */,
			);
			runOnlyForDeploymentPostprocessing = 0;
		};
		24F6EBFC158A261000CEDD41 /* Frameworks */ = {
			isa = PBXFrameworksBuildPhase;
			buildActionMask = 2147483647;
			files = (
				248B72DC1B9377480072B58C /* CoreDataStack.framework in Frameworks */,
			);
			runOnlyForDeploymentPostprocessing = 0;
		};
/* End PBXFrameworksBuildPhase section */

/* Begin PBXGroup section */
		244A739F1C70F5DE00F0A002 /* Configurations */ = {
			isa = PBXGroup;
			children = (
				244A73A01C70F5DE00F0A002 /* .gitignore */,
				244A73A11C70F5DE00F0A002 /* Application.xcconfig */,
				244A73A21C70F5DE00F0A002 /* Debug.xcconfig */,
				244A73A31C70F5DE00F0A002 /* Extension.xcconfig */,
				244A73A41C70F5DE00F0A002 /* Framework.xcconfig */,
				244A73A51C70F5DE00F0A002 /* generate-version.sh */,
				244A73A61C70F5DE00F0A002 /* iOS */,
				244A73AF1C70F5DE00F0A002 /* OS X */,
				244A73B61C70F5DE00F0A002 /* Release.xcconfig */,
				244A73B71C70F5DE00F0A002 /* Shared.xcconfig */,
				244A73B81C70F5DE00F0A002 /* Tests.xcconfig */,
				244A73B91C70F5DE00F0A002 /* tvOS */,
				244A73C01C70F5DE00F0A002 /* UI Tests.xcconfig */,
				244A73C11C70F5DE00F0A002 /* update.sh */,
				244A73C21C70F5DE00F0A002 /* watchOS */,
			);
			path = Configurations;
			sourceTree = "<group>";
		};
		244A73A61C70F5DE00F0A002 /* iOS */ = {
			isa = PBXGroup;
			children = (
				244A73A71C70F5DE00F0A002 /* iOS Application.xcconfig */,
				244A73A81C70F5DE00F0A002 /* iOS Bundle.xcconfig */,
				244A73A91C70F5DE00F0A002 /* iOS Extension.xcconfig */,
				244A73AA1C70F5DE00F0A002 /* iOS Framework.xcconfig */,
				244A73AB1C70F5DE00F0A002 /* iOS Static Library.xcconfig */,
				244A73AC1C70F5DE00F0A002 /* iOS Tests.xcconfig */,
				244A73AD1C70F5DE00F0A002 /* iOS UI Tests.xcconfig */,
				244A73AE1C70F5DE00F0A002 /* iOS.xcconfig */,
			);
			path = iOS;
			sourceTree = "<group>";
		};
		244A73AF1C70F5DE00F0A002 /* OS X */ = {
			isa = PBXGroup;
			children = (
				244A73B01C70F5DE00F0A002 /* OS X Application.xcconfig */,
				244A73B11C70F5DE00F0A002 /* OS X Extension.xcconfig */,
				244A73B21C70F5DE00F0A002 /* OS X Framework.xcconfig */,
				244A73B31C70F5DE00F0A002 /* OS X Tests.xcconfig */,
				244A73B41C70F5DE00F0A002 /* OS X UI Tests.xcconfig */,
				244A73B51C70F5DE00F0A002 /* OS X.xcconfig */,
			);
			path = "OS X";
			sourceTree = "<group>";
		};
		244A73B91C70F5DE00F0A002 /* tvOS */ = {
			isa = PBXGroup;
			children = (
				244A73BA1C70F5DE00F0A002 /* tvOS Application.xcconfig */,
				244A73BB1C70F5DE00F0A002 /* tvOS Extension.xcconfig */,
				244A73BC1C70F5DE00F0A002 /* tvOS Framework.xcconfig */,
				244A73BD1C70F5DE00F0A002 /* tvOS Tests.xcconfig */,
				244A73BE1C70F5DE00F0A002 /* tvOS UI Tests.xcconfig */,
				244A73BF1C70F5DE00F0A002 /* tvOS.xcconfig */,
			);
			path = tvOS;
			sourceTree = "<group>";
		};
		244A73C21C70F5DE00F0A002 /* watchOS */ = {
			isa = PBXGroup;
			children = (
				244A73C31C70F5DE00F0A002 /* watchOS Application.xcconfig */,
				244A73C41C70F5DE00F0A002 /* watchOS Extension.xcconfig */,
				244A73C51C70F5DE00F0A002 /* watchOS Framework.xcconfig */,
				244A73C61C70F5DE00F0A002 /* watchOS.xcconfig */,
			);
			path = watchOS;
			sourceTree = "<group>";
		};
		24F6EBE5158A261000CEDD41 = {
			isa = PBXGroup;
			children = (
				24F6EBF5158A261000CEDD41 /* CoreDataStack */,
				24F6EC09158A261000CEDD41 /* CoreDataStack Tests */,
				244A739F1C70F5DE00F0A002 /* Configurations */,
				24F6EBF1158A261000CEDD41 /* Products */,
			);
			sourceTree = "<group>";
		};
		24F6EBF1158A261000CEDD41 /* Products */ = {
			isa = PBXGroup;
			children = (
				24F6EC00158A261000CEDD41 /* CoreDataStack Tests.xctest */,
				242BEFCF19A90B2A0063F2F2 /* CoreDataStack.framework */,
				244DE7F219A9187F00A91DC7 /* CoreDataStack.framework */,
				248B72D31B9376CD0072B58C /* CoreDataStack Tests.xctest */,
				2473F1C21BC856080075EA00 /* CoreDataStack.framework */,
				2473F1CE1BC856110075EA00 /* CoreDataStack Tests.xctest */,
			);
			name = Products;
			sourceTree = "<group>";
		};
		24F6EBF5158A261000CEDD41 /* CoreDataStack */ = {
			isa = PBXGroup;
			children = (
				24F6EBF8158A261000CEDD41 /* DCTCoreDataStack.h */,
				244A73C71C70FAB100F0A002 /* CoreDataStack.swift */,
				244A73D61C71BC4100F0A002 /* Error.swift */,
				244A73D31C7105AA00F0A002 /* CoreDataStack+UIStateRestoring.swift */,
				244A73CB1C70FE5100F0A002 /* ModelInfo.swift */,
				244A73CF1C70FE7800F0A002 /* StoreInfo.swift */,
			);
			path = CoreDataStack;
			sourceTree = "<group>";
		};
		24F6EC09158A261000CEDD41 /* CoreDataStack Tests */ = {
			isa = PBXGroup;
			children = (
				244A73E21C71C55800F0A002 /* CoreDataStackTests.swift */,
				244A73DA1C71BDC200F0A002 /* StoreInfoTests.swift */,
				244A73DE1C71C48400F0A002 /* ModelInfoTests.swift */,
				24F6EC0B158A261000CEDD41 /* Info.plist */,
				244A73E61C71C68E00F0A002 /* Model.xcdatamodeld */,
			);
			path = "CoreDataStack Tests";
			sourceTree = "<group>";
		};
/* End PBXGroup section */

/* Begin PBXHeadersBuildPhase section */
		242BEFCC19A90B2A0063F2F2 /* Headers */ = {
			isa = PBXHeadersBuildPhase;
			buildActionMask = 2147483647;
			files = (
				242BF03219A913880063F2F2 /* DCTCoreDataStack.h in Headers */,
			);
			runOnlyForDeploymentPostprocessing = 0;
		};
		244DE7EF19A9187F00A91DC7 /* Headers */ = {
			isa = PBXHeadersBuildPhase;
			buildActionMask = 2147483647;
			files = (
				24CF1A7A1A939F2300868486 /* DCTCoreDataStack.h in Headers */,
			);
			runOnlyForDeploymentPostprocessing = 0;
		};
		2473F1B91BC856080075EA00 /* Headers */ = {
			isa = PBXHeadersBuildPhase;
			buildActionMask = 2147483647;
			files = (
				2473F1BA1BC856080075EA00 /* DCTCoreDataStack.h in Headers */,
			);
			runOnlyForDeploymentPostprocessing = 0;
		};
/* End PBXHeadersBuildPhase section */

/* Begin PBXNativeTarget section */
		242BEFCE19A90B2A0063F2F2 /* CoreDataStack iOS */ = {
			isa = PBXNativeTarget;
			buildConfigurationList = 242BEFDF19A90B2B0063F2F2 /* Build configuration list for PBXNativeTarget "CoreDataStack iOS" */;
			buildPhases = (
				242BEFCA19A90B2A0063F2F2 /* Sources */,
				242BEFCB19A90B2A0063F2F2 /* Frameworks */,
				242BEFCC19A90B2A0063F2F2 /* Headers */,
				242BEFCD19A90B2A0063F2F2 /* Resources */,
				240C637C1A64578E007CD368 /* Documentation */,
			);
			buildRules = (
			);
			dependencies = (
			);
			name = "CoreDataStack iOS";
			productName = "DCTCoreDataStack iOS";
			productReference = 242BEFCF19A90B2A0063F2F2 /* CoreDataStack.framework */;
			productType = "com.apple.product-type.framework";
		};
		244DE7F119A9187F00A91DC7 /* CoreDataStack OS X */ = {
			isa = PBXNativeTarget;
			buildConfigurationList = 244DE80219A9187F00A91DC7 /* Build configuration list for PBXNativeTarget "CoreDataStack OS X" */;
			buildPhases = (
				244DE7ED19A9187F00A91DC7 /* Sources */,
				244DE7EE19A9187F00A91DC7 /* Frameworks */,
				244DE7EF19A9187F00A91DC7 /* Headers */,
				244DE7F019A9187F00A91DC7 /* Resources */,
				240C63C01A651F29007CD368 /* Documentation */,
			);
			buildRules = (
			);
			dependencies = (
			);
			name = "CoreDataStack OS X";
			productName = "DCTCoreDataStack OS X";
			productReference = 244DE7F219A9187F00A91DC7 /* CoreDataStack.framework */;
			productType = "com.apple.product-type.framework";
		};
		2473F1B31BC856080075EA00 /* CoreDataStack tvOS */ = {
			isa = PBXNativeTarget;
			buildConfigurationList = 2473F1BF1BC856080075EA00 /* Build configuration list for PBXNativeTarget "CoreDataStack tvOS" */;
			buildPhases = (
				2473F1B41BC856080075EA00 /* Sources */,
				2473F1B81BC856080075EA00 /* Frameworks */,
				2473F1B91BC856080075EA00 /* Headers */,
				2473F1BD1BC856080075EA00 /* Resources */,
				2473F1BE1BC856080075EA00 /* Documentation */,
			);
			buildRules = (
			);
			dependencies = (
			);
			name = "CoreDataStack tvOS";
			productName = "DCTCoreDataStack iOS";
			productReference = 2473F1C21BC856080075EA00 /* CoreDataStack.framework */;
			productType = "com.apple.product-type.framework";
		};
		2473F1C31BC856110075EA00 /* CoreDataStack tvOS Tests */ = {
			isa = PBXNativeTarget;
			buildConfigurationList = 2473F1CB1BC856110075EA00 /* Build configuration list for PBXNativeTarget "CoreDataStack tvOS Tests" */;
			buildPhases = (
				2473F1C61BC856110075EA00 /* Sources */,
				2473F1C81BC856110075EA00 /* Frameworks */,
				2473F1CA1BC856110075EA00 /* Resources */,
			);
			buildRules = (
			);
			dependencies = (
				2473F1D01BC856220075EA00 /* PBXTargetDependency */,
			);
			name = "CoreDataStack tvOS Tests";
			productName = DCTCoreDataStackTests;
			productReference = 2473F1CE1BC856110075EA00 /* CoreDataStack Tests.xctest */;
			productType = "com.apple.product-type.bundle.unit-test";
		};
		248B72CA1B9376CD0072B58C /* CoreDataStack OS X Tests */ = {
			isa = PBXNativeTarget;
			buildConfigurationList = 248B72D01B9376CD0072B58C /* Build configuration list for PBXNativeTarget "CoreDataStack OS X Tests" */;
			buildPhases = (
				248B72CB1B9376CD0072B58C /* Sources */,
				248B72CD1B9376CD0072B58C /* Frameworks */,
				248B72CF1B9376CD0072B58C /* Resources */,
			);
			buildRules = (
			);
			dependencies = (
				248B72DB1B93773F0072B58C /* PBXTargetDependency */,
			);
			name = "CoreDataStack OS X Tests";
			productName = DCTCoreDataStackTests;
			productReference = 248B72D31B9376CD0072B58C /* CoreDataStack Tests.xctest */;
			productType = "com.apple.product-type.bundle.unit-test";
		};
		24F6EBFF158A261000CEDD41 /* CoreDataStack iOS Tests */ = {
			isa = PBXNativeTarget;
			buildConfigurationList = 24F6EC17158A261000CEDD41 /* Build configuration list for PBXNativeTarget "CoreDataStack iOS Tests" */;
			buildPhases = (
				24F6EBFB158A261000CEDD41 /* Sources */,
				24F6EBFC158A261000CEDD41 /* Frameworks */,
				24F6EBFD158A261000CEDD41 /* Resources */,
			);
			buildRules = (
			);
			dependencies = (
				248B72DE1B93774B0072B58C /* PBXTargetDependency */,
			);
			name = "CoreDataStack iOS Tests";
			productName = DCTCoreDataStackTests;
			productReference = 24F6EC00158A261000CEDD41 /* CoreDataStack Tests.xctest */;
			productType = "com.apple.product-type.bundle.unit-test";
		};
/* End PBXNativeTarget section */

/* Begin PBXProject section */
		24F6EBE7158A261000CEDD41 /* Project object */ = {
			isa = PBXProject;
			attributes = {
				LastTestingUpgradeCheck = 0510;
				LastUpgradeCheck = 0730;
				ORGANIZATIONNAME = "Daniel Tull";
				TargetAttributes = {
					242BEFCE19A90B2A0063F2F2 = {
						CreatedOnToolsVersion = 6.0;
					};
					244DE7F119A9187F00A91DC7 = {
						CreatedOnToolsVersion = 6.0;
					};
					24F6EBFF158A261000CEDD41 = {
						TestTargetID = 2437B68C15B97C2600750117;
					};
				};
			};
			buildConfigurationList = 24F6EBEA158A261000CEDD41 /* Build configuration list for PBXProject "CoreDataStack" */;
			compatibilityVersion = "Xcode 3.2";
			developmentRegion = English;
			hasScannedForEncodings = 0;
			knownRegions = (
				en,
			);
			mainGroup = 24F6EBE5158A261000CEDD41;
			productRefGroup = 24F6EBF1158A261000CEDD41 /* Products */;
			projectDirPath = "";
			projectRoot = "";
			targets = (
				242BEFCE19A90B2A0063F2F2 /* CoreDataStack iOS */,
				244DE7F119A9187F00A91DC7 /* CoreDataStack OS X */,
				2473F1B31BC856080075EA00 /* CoreDataStack tvOS */,
				24F6EBFF158A261000CEDD41 /* CoreDataStack iOS Tests */,
				248B72CA1B9376CD0072B58C /* CoreDataStack OS X Tests */,
				2473F1C31BC856110075EA00 /* CoreDataStack tvOS Tests */,
			);
		};
/* End PBXProject section */

/* Begin PBXResourcesBuildPhase section */
		242BEFCD19A90B2A0063F2F2 /* Resources */ = {
			isa = PBXResourcesBuildPhase;
			buildActionMask = 2147483647;
			files = (
			);
			runOnlyForDeploymentPostprocessing = 0;
		};
		244DE7F019A9187F00A91DC7 /* Resources */ = {
			isa = PBXResourcesBuildPhase;
			buildActionMask = 2147483647;
			files = (
			);
			runOnlyForDeploymentPostprocessing = 0;
		};
		2473F1BD1BC856080075EA00 /* Resources */ = {
			isa = PBXResourcesBuildPhase;
			buildActionMask = 2147483647;
			files = (
			);
			runOnlyForDeploymentPostprocessing = 0;
		};
		2473F1CA1BC856110075EA00 /* Resources */ = {
			isa = PBXResourcesBuildPhase;
			buildActionMask = 2147483647;
			files = (
			);
			runOnlyForDeploymentPostprocessing = 0;
		};
		248B72CF1B9376CD0072B58C /* Resources */ = {
			isa = PBXResourcesBuildPhase;
			buildActionMask = 2147483647;
			files = (
			);
			runOnlyForDeploymentPostprocessing = 0;
		};
		24F6EBFD158A261000CEDD41 /* Resources */ = {
			isa = PBXResourcesBuildPhase;
			buildActionMask = 2147483647;
			files = (
			);
			runOnlyForDeploymentPostprocessing = 0;
		};
/* End PBXResourcesBuildPhase section */

/* Begin PBXShellScriptBuildPhase section */
		240C637C1A64578E007CD368 /* Documentation */ = {
			isa = PBXShellScriptBuildPhase;
			buildActionMask = 2147483647;
			files = (
			);
			inputPaths = (
			);
			name = Documentation;
			outputPaths = (
			);
			runOnlyForDeploymentPostprocessing = 0;
			shellPath = /bin/sh;
			shellScript = "./Scripts/documentation.sh -c \"Daniel Tull\" -i \"uk.co.danieltull\" > /dev/null 2>&1 &\n";
		};
		240C63C01A651F29007CD368 /* Documentation */ = {
			isa = PBXShellScriptBuildPhase;
			buildActionMask = 2147483647;
			files = (
			);
			inputPaths = (
			);
			name = Documentation;
			outputPaths = (
			);
			runOnlyForDeploymentPostprocessing = 0;
			shellPath = /bin/sh;
			shellScript = "./Scripts/documentation.sh -c \"Daniel Tull\" -i \"uk.co.danieltull\" > /dev/null 2>&1 &\n";
		};
		2473F1BE1BC856080075EA00 /* Documentation */ = {
			isa = PBXShellScriptBuildPhase;
			buildActionMask = 2147483647;
			files = (
			);
			inputPaths = (
			);
			name = Documentation;
			outputPaths = (
			);
			runOnlyForDeploymentPostprocessing = 0;
			shellPath = /bin/sh;
			shellScript = "./Scripts/documentation.sh -c \"Daniel Tull\" -i \"uk.co.danieltull\" > /dev/null 2>&1 &\n";
		};
/* End PBXShellScriptBuildPhase section */

/* Begin PBXSourcesBuildPhase section */
		242BEFCA19A90B2A0063F2F2 /* Sources */ = {
			isa = PBXSourcesBuildPhase;
			buildActionMask = 2147483647;
			files = (
				244A73CC1C70FE5100F0A002 /* ModelInfo.swift in Sources */,
				244A73D01C70FE7800F0A002 /* StoreInfo.swift in Sources */,
				244A73C81C70FAB100F0A002 /* CoreDataStack.swift in Sources */,
				244A73D71C71BC4100F0A002 /* Error.swift in Sources */,
			);
			runOnlyForDeploymentPostprocessing = 0;
		};
		244DE7ED19A9187F00A91DC7 /* Sources */ = {
			isa = PBXSourcesBuildPhase;
			buildActionMask = 2147483647;
			files = (
				244A73CD1C70FE5100F0A002 /* ModelInfo.swift in Sources */,
				244A73D11C70FE7800F0A002 /* StoreInfo.swift in Sources */,
				244A73C91C70FAB100F0A002 /* CoreDataStack.swift in Sources */,
				244A73D81C71BC4100F0A002 /* Error.swift in Sources */,
			);
			runOnlyForDeploymentPostprocessing = 0;
		};
		2473F1B41BC856080075EA00 /* Sources */ = {
			isa = PBXSourcesBuildPhase;
			buildActionMask = 2147483647;
			files = (
				244A73CE1C70FE5100F0A002 /* ModelInfo.swift in Sources */,
				244A73D21C70FE7800F0A002 /* StoreInfo.swift in Sources */,
				244A73CA1C70FAB100F0A002 /* CoreDataStack.swift in Sources */,
				244A73D91C71BC4100F0A002 /* Error.swift in Sources */,
			);
			runOnlyForDeploymentPostprocessing = 0;
		};
		2473F1C61BC856110075EA00 /* Sources */ = {
			isa = PBXSourcesBuildPhase;
			buildActionMask = 2147483647;
			files = (
				244A73E11C71C48400F0A002 /* ModelInfoTests.swift in Sources */,
				244A73EA1C71C68E00F0A002 /* Model.xcdatamodeld in Sources */,
				244A73DD1C71BDC200F0A002 /* StoreInfoTests.swift in Sources */,
				244A73E51C71C55800F0A002 /* CoreDataStackTests.swift in Sources */,
			);
			runOnlyForDeploymentPostprocessing = 0;
		};
		248B72CB1B9376CD0072B58C /* Sources */ = {
			isa = PBXSourcesBuildPhase;
			buildActionMask = 2147483647;
			files = (
				244A73E01C71C48400F0A002 /* ModelInfoTests.swift in Sources */,
				244A73E91C71C68E00F0A002 /* Model.xcdatamodeld in Sources */,
				244A73DC1C71BDC200F0A002 /* StoreInfoTests.swift in Sources */,
				244A73E41C71C55800F0A002 /* CoreDataStackTests.swift in Sources */,
			);
			runOnlyForDeploymentPostprocessing = 0;
		};
		24F6EBFB158A261000CEDD41 /* Sources */ = {
			isa = PBXSourcesBuildPhase;
			buildActionMask = 2147483647;
			files = (
				244A73DF1C71C48400F0A002 /* ModelInfoTests.swift in Sources */,
				244A73E81C71C68E00F0A002 /* Model.xcdatamodeld in Sources */,
				244A73DB1C71BDC200F0A002 /* StoreInfoTests.swift in Sources */,
				244A73E31C71C55800F0A002 /* CoreDataStackTests.swift in Sources */,
			);
			runOnlyForDeploymentPostprocessing = 0;
		};
/* End PBXSourcesBuildPhase section */

/* Begin PBXTargetDependency section */
		2473F1D01BC856220075EA00 /* PBXTargetDependency */ = {
			isa = PBXTargetDependency;
			target = 2473F1B31BC856080075EA00 /* CoreDataStack tvOS */;
			targetProxy = 2473F1CF1BC856220075EA00 /* PBXContainerItemProxy */;
		};
		248B72DB1B93773F0072B58C /* PBXTargetDependency */ = {
			isa = PBXTargetDependency;
			target = 244DE7F119A9187F00A91DC7 /* CoreDataStack OS X */;
			targetProxy = 248B72DA1B93773F0072B58C /* PBXContainerItemProxy */;
		};
		248B72DE1B93774B0072B58C /* PBXTargetDependency */ = {
			isa = PBXTargetDependency;
			target = 242BEFCE19A90B2A0063F2F2 /* CoreDataStack iOS */;
			targetProxy = 248B72DD1B93774B0072B58C /* PBXContainerItemProxy */;
		};
/* End PBXTargetDependency section */

/* Begin XCBuildConfiguration section */
		242BEFE019A90B2B0063F2F2 /* Debug */ = {
			isa = XCBuildConfiguration;
			baseConfigurationReference = 244A73AA1C70F5DE00F0A002 /* iOS Framework.xcconfig */;
			buildSettings = {
				PRODUCT_NAME = CoreDataStack;
			};
			name = Debug;
		};
		242BEFE119A90B2B0063F2F2 /* Release */ = {
			isa = XCBuildConfiguration;
			baseConfigurationReference = 244A73AA1C70F5DE00F0A002 /* iOS Framework.xcconfig */;
			buildSettings = {
				PRODUCT_NAME = CoreDataStack;
			};
			name = Release;
		};
		244DE80319A9187F00A91DC7 /* Debug */ = {
			isa = XCBuildConfiguration;
			baseConfigurationReference = 244A73B21C70F5DE00F0A002 /* OS X Framework.xcconfig */;
			buildSettings = {
				PRODUCT_NAME = CoreDataStack;
			};
			name = Debug;
		};
		244DE80419A9187F00A91DC7 /* Release */ = {
			isa = XCBuildConfiguration;
			baseConfigurationReference = 244A73B21C70F5DE00F0A002 /* OS X Framework.xcconfig */;
			buildSettings = {
				PRODUCT_NAME = CoreDataStack;
			};
			name = Release;
		};
		2473F1C01BC856080075EA00 /* Debug */ = {
			isa = XCBuildConfiguration;
			baseConfigurationReference = 244A73BC1C70F5DE00F0A002 /* tvOS Framework.xcconfig */;
			buildSettings = {
				PRODUCT_NAME = CoreDataStack;
			};
			name = Debug;
		};
		2473F1C11BC856080075EA00 /* Release */ = {
			isa = XCBuildConfiguration;
			baseConfigurationReference = 244A73BC1C70F5DE00F0A002 /* tvOS Framework.xcconfig */;
			buildSettings = {
				PRODUCT_NAME = CoreDataStack;
			};
			name = Release;
		};
		2473F1CC1BC856110075EA00 /* Debug */ = {
			isa = XCBuildConfiguration;
			baseConfigurationReference = 244A73BD1C70F5DE00F0A002 /* tvOS Tests.xcconfig */;
			buildSettings = {
				PRODUCT_NAME = "CoreDataStack Tests";
			};
			name = Debug;
		};
		2473F1CD1BC856110075EA00 /* Release */ = {
			isa = XCBuildConfiguration;
			baseConfigurationReference = 244A73BD1C70F5DE00F0A002 /* tvOS Tests.xcconfig */;
			buildSettings = {
				PRODUCT_NAME = "CoreDataStack Tests";
			};
			name = Release;
		};
		248B72D11B9376CD0072B58C /* Debug */ = {
			isa = XCBuildConfiguration;
			baseConfigurationReference = 244A73B31C70F5DE00F0A002 /* OS X Tests.xcconfig */;
			buildSettings = {
				PRODUCT_NAME = "CoreDataStack Tests";
			};
			name = Debug;
		};
		248B72D21B9376CD0072B58C /* Release */ = {
			isa = XCBuildConfiguration;
			baseConfigurationReference = 244A73B31C70F5DE00F0A002 /* OS X Tests.xcconfig */;
			buildSettings = {
				PRODUCT_NAME = "CoreDataStack Tests";
			};
			name = Release;
		};
		24F6EC12158A261000CEDD41 /* Debug */ = {
			isa = XCBuildConfiguration;
			baseConfigurationReference = 244A73A21C70F5DE00F0A002 /* Debug.xcconfig */;
			buildSettings = {
				CURRENT_PROJECT_VERSION = 1;
				PRODUCT_BUNDLE_IDENTIFIER = "uk.co.danieltull.${PRODUCT_NAME:rfc1034identifier}";
				WARNING_CFLAGS = (
					"$(inherited)",
					"-Wno-tautological-pointer-compare",
				);
			};
			name = Debug;
		};
		24F6EC13158A261000CEDD41 /* Release */ = {
			isa = XCBuildConfiguration;
			baseConfigurationReference = 244A73B61C70F5DE00F0A002 /* Release.xcconfig */;
			buildSettings = {
				CURRENT_PROJECT_VERSION = 1;
				PRODUCT_BUNDLE_IDENTIFIER = "uk.co.danieltull.${PRODUCT_NAME:rfc1034identifier}";
				WARNING_CFLAGS = (
					"$(inherited)",
					"-Wno-tautological-pointer-compare",
				);
			};
			name = Release;
		};
		24F6EC18158A261000CEDD41 /* Debug */ = {
			isa = XCBuildConfiguration;
			baseConfigurationReference = 244A73AC1C70F5DE00F0A002 /* iOS Tests.xcconfig */;
			buildSettings = {
				PRODUCT_NAME = "CoreDataStack Tests";
			};
			name = Debug;
		};
		24F6EC19158A261000CEDD41 /* Release */ = {
			isa = XCBuildConfiguration;
			baseConfigurationReference = 244A73AC1C70F5DE00F0A002 /* iOS Tests.xcconfig */;
			buildSettings = {
				PRODUCT_NAME = "CoreDataStack Tests";
			};
			name = Release;
		};
/* End XCBuildConfiguration section */

/* Begin XCConfigurationList section */
		242BEFDF19A90B2B0063F2F2 /* Build configuration list for PBXNativeTarget "CoreDataStack iOS" */ = {
			isa = XCConfigurationList;
			buildConfigurations = (
				242BEFE019A90B2B0063F2F2 /* Debug */,
				242BEFE119A90B2B0063F2F2 /* Release */,
			);
			defaultConfigurationIsVisible = 0;
			defaultConfigurationName = Release;
		};
		244DE80219A9187F00A91DC7 /* Build configuration list for PBXNativeTarget "CoreDataStack OS X" */ = {
			isa = XCConfigurationList;
			buildConfigurations = (
				244DE80319A9187F00A91DC7 /* Debug */,
				244DE80419A9187F00A91DC7 /* Release */,
			);
			defaultConfigurationIsVisible = 0;
			defaultConfigurationName = Release;
		};
		2473F1BF1BC856080075EA00 /* Build configuration list for PBXNativeTarget "CoreDataStack tvOS" */ = {
			isa = XCConfigurationList;
			buildConfigurations = (
				2473F1C01BC856080075EA00 /* Debug */,
				2473F1C11BC856080075EA00 /* Release */,
			);
			defaultConfigurationIsVisible = 0;
			defaultConfigurationName = Release;
		};
		2473F1CB1BC856110075EA00 /* Build configuration list for PBXNativeTarget "CoreDataStack tvOS Tests" */ = {
			isa = XCConfigurationList;
			buildConfigurations = (
				2473F1CC1BC856110075EA00 /* Debug */,
				2473F1CD1BC856110075EA00 /* Release */,
			);
			defaultConfigurationIsVisible = 0;
			defaultConfigurationName = Release;
		};
		248B72D01B9376CD0072B58C /* Build configuration list for PBXNativeTarget "CoreDataStack OS X Tests" */ = {
			isa = XCConfigurationList;
			buildConfigurations = (
				248B72D11B9376CD0072B58C /* Debug */,
				248B72D21B9376CD0072B58C /* Release */,
			);
			defaultConfigurationIsVisible = 0;
			defaultConfigurationName = Release;
		};
		24F6EBEA158A261000CEDD41 /* Build configuration list for PBXProject "CoreDataStack" */ = {
			isa = XCConfigurationList;
			buildConfigurations = (
				24F6EC12158A261000CEDD41 /* Debug */,
				24F6EC13158A261000CEDD41 /* Release */,
			);
			defaultConfigurationIsVisible = 0;
			defaultConfigurationName = Release;
		};
		24F6EC17158A261000CEDD41 /* Build configuration list for PBXNativeTarget "CoreDataStack iOS Tests" */ = {
			isa = XCConfigurationList;
			buildConfigurations = (
				24F6EC18158A261000CEDD41 /* Debug */,
				24F6EC19158A261000CEDD41 /* Release */,
			);
			defaultConfigurationIsVisible = 0;
			defaultConfigurationName = Release;
		};
/* End XCConfigurationList section */

/* Begin XCVersionGroup section */
		244A73E61C71C68E00F0A002 /* Model.xcdatamodeld */ = {
			isa = XCVersionGroup;
			children = (
				244A73E71C71C68E00F0A002 /* Model.xcdatamodel */,
			);
			currentVersion = 244A73E71C71C68E00F0A002 /* Model.xcdatamodel */;
			path = Model.xcdatamodeld;
			sourceTree = "<group>";
			versionGroupType = wrapper.xcdatamodel;
		};
/* End XCVersionGroup section */
	};
	rootObject = 24F6EBE7158A261000CEDD41 /* Project object */;
}
